// !$*UTF8*$!
{
	archiveVersion = 1;
	classes = {
	};
	objectVersion = 56;
	objects = {

/* Begin PBXBuildFile section */
		C6D54F7D2C784B60007FEFA1 /* AnzjLetsPlayViewController.m in Sources */ = {isa = PBXBuildFile; fileRef = C6D54F7C2C784B60007FEFA1 /* AnzjLetsPlayViewController.m */; };
		C6D54F802C784B60007FEFA1 /* Main.storyboard in Resources */ = {isa = PBXBuildFile; fileRef = C6D54F7E2C784B60007FEFA1 /* Main.storyboard */; };
		C6D54F822C784B65007FEFA1 /* Assets.xcassets in Resources */ = {isa = PBXBuildFile; fileRef = C6D54F812C784B65007FEFA1 /* Assets.xcassets */; };
		C6D54F852C784B65007FEFA1 /* LaunchScreen.storyboard in Resources */ = {isa = PBXBuildFile; fileRef = C6D54F832C784B65007FEFA1 /* LaunchScreen.storyboard */; };
		C6D54F882C784B65007FEFA1 /* main.m in Sources */ = {isa = PBXBuildFile; fileRef = C6D54F872C784B65007FEFA1 /* main.m */; };
		C6D54F922C784B66007FEFA1 /* AnzjSagaSlotSpinsTests.m in Sources */ = {isa = PBXBuildFile; fileRef = C6D54F912C784B66007FEFA1 /* AnzjSagaSlotSpinsTests.m */; };
		C6D54F9C2C784B66007FEFA1 /* AnzjSagaSlotSpinsUITests.m in Sources */ = {isa = PBXBuildFile; fileRef = C6D54F9B2C784B66007FEFA1 /* AnzjSagaSlotSpinsUITests.m */; };
		C6D54F9E2C784B66007FEFA1 /* AnzjSagaSlotSpinsUITestsLaunchTests.m in Sources */ = {isa = PBXBuildFile; fileRef = C6D54F9D2C784B66007FEFA1 /* AnzjSagaSlotSpinsUITestsLaunchTests.m */; };
		C6D54FAC2C784FAE007FEFA1 /* AnzjViewController.swift in Sources */ = {isa = PBXBuildFile; fileRef = C6D54FAB2C784FAE007FEFA1 /* AnzjViewController.swift */; };
		C6D54FAE2C78502C007FEFA1 /* AnzjSlotgameViewController.swift in Sources */ = {isa = PBXBuildFile; fileRef = C6D54FAD2C78502C007FEFA1 /* AnzjSlotgameViewController.swift */; };
		C6D54FB02C785086007FEFA1 /* AnzjGameVC2ViewController.swift in Sources */ = {isa = PBXBuildFile; fileRef = C6D54FAF2C785086007FEFA1 /* AnzjGameVC2ViewController.swift */; };
		C6D54FB42C7850D2007FEFA1 /* AnzjFeedBackViewController.swift in Sources */ = {isa = PBXBuildFile; fileRef = C6D54FB12C7850D1007FEFA1 /* AnzjFeedBackViewController.swift */; };
		C6D54FB52C7850D2007FEFA1 /* AnzjSettingViewController.swift in Sources */ = {isa = PBXBuildFile; fileRef = C6D54FB22C7850D1007FEFA1 /* AnzjSettingViewController.swift */; };
		C6D54FB62C7850D2007FEFA1 /* Ext + UIview.swift in Sources */ = {isa = PBXBuildFile; fileRef = C6D54FB32C7850D1007FEFA1 /* Ext + UIview.swift */; };
		C6D54FBF2C7851DB007FEFA1 /* jsb_module_register.cpp in Sources */ = {isa = PBXBuildFile; fileRef = C6D54FBC2C7851DB007FEFA1 /* jsb_module_register.cpp */; };
		C6D54FC02C7851DB007FEFA1 /* AppDelegate.cpp in Sources */ = {isa = PBXBuildFile; fileRef = C6D54FBE2C7851DB007FEFA1 /* AppDelegate.cpp */; };
		C6D54FC32C7851F3007FEFA1 /* jsb-adapter in Resources */ = {isa = PBXBuildFile; fileRef = C6D54FC22C7851F3007FEFA1 /* jsb-adapter */; };
		C6D54FC82C785221007FEFA1 /* Localizable.strings in Resources */ = {isa = PBXBuildFile; fileRef = C6D54FC42C785221007FEFA1 /* Localizable.strings */; };
		C6D54FC92C785221007FEFA1 /* src in Resources */ = {isa = PBXBuildFile; fileRef = C6D54FC52C785221007FEFA1 /* src */; };
		C6D54FCA2C785221007FEFA1 /* main.js in Resources */ = {isa = PBXBuildFile; fileRef = C6D54FC62C785221007FEFA1 /* main.js */; };
		C6D54FCB2C785221007FEFA1 /* project.json in Resources */ = {isa = PBXBuildFile; fileRef = C6D54FC72C785221007FEFA1 /* project.json */; };
		C6D54FE12C785297007FEFA1 /* PlatformIosApi.mm in Sources */ = {isa = PBXBuildFile; fileRef = C6D54FD72C785295007FEFA1 /* PlatformIosApi.mm */; };
		C6D54FE32C785297007FEFA1 /* RootViewController.mm in Sources */ = {isa = PBXBuildFile; fileRef = C6D54FD92C785296007FEFA1 /* RootViewController.mm */; };
		C6D54FE42C785297007FEFA1 /* SDKWrapper.m in Sources */ = {isa = PBXBuildFile; fileRef = C6D54FDA2C785296007FEFA1 /* SDKWrapper.m */; };
		C6D54FE52C785297007FEFA1 /* AnzjAppDelegate.m in Sources */ = {isa = PBXBuildFile; fileRef = C6D54FDD2C785296007FEFA1 /* AnzjAppDelegate.m */; };
		C6D54FEA2C785397007FEFA1 /* AdServices.framework in Frameworks */ = {isa = PBXBuildFile; fileRef = C6D54FE92C785397007FEFA1 /* AdServices.framework */; };
		C6D54FEC2C78539A007FEFA1 /* AdSupport.framework in Frameworks */ = {isa = PBXBuildFile; fileRef = C6D54FEB2C78539A007FEFA1 /* AdSupport.framework */; };
		C6D54FEE2C78539F007FEFA1 /* AppTrackingTransparency.framework in Frameworks */ = {isa = PBXBuildFile; fileRef = C6D54FED2C78539F007FEFA1 /* AppTrackingTransparency.framework */; };
		C6D54FF02C7853AB007FEFA1 /* AudioToolbox.framework in Frameworks */ = {isa = PBXBuildFile; fileRef = C6D54FEF2C7853AB007FEFA1 /* AudioToolbox.framework */; };
		C6D54FF22C7853B1007FEFA1 /* AVFoundation.framework in Frameworks */ = {isa = PBXBuildFile; fileRef = C6D54FF12C7853B1007FEFA1 /* AVFoundation.framework */; };
		C6D54FF42C7853B5007FEFA1 /* AVKit.framework in Frameworks */ = {isa = PBXBuildFile; fileRef = C6D54FF32C7853B5007FEFA1 /* AVKit.framework */; };
		C6D54FF62C7853BB007FEFA1 /* CFNetwork.framework in Frameworks */ = {isa = PBXBuildFile; fileRef = C6D54FF52C7853BB007FEFA1 /* CFNetwork.framework */; };
		C6D54FF82C7853C2007FEFA1 /* CoreFoundation.framework in Frameworks */ = {isa = PBXBuildFile; fileRef = C6D54FF72C7853C2007FEFA1 /* CoreFoundation.framework */; };
		C6D54FFA2C7853C8007FEFA1 /* CoreGraphics.framework in Frameworks */ = {isa = PBXBuildFile; fileRef = C6D54FF92C7853C8007FEFA1 /* CoreGraphics.framework */; };
		C6D54FFC2C7853CE007FEFA1 /* CoreMedia.framework in Frameworks */ = {isa = PBXBuildFile; fileRef = C6D54FFB2C7853CD007FEFA1 /* CoreMedia.framework */; };
		C6D54FFE2C7853D3007FEFA1 /* CoreText.framework in Frameworks */ = {isa = PBXBuildFile; fileRef = C6D54FFD2C7853D3007FEFA1 /* CoreText.framework */; };
		C6D550002C7853DB007FEFA1 /* CoreMotion.framework in Frameworks */ = {isa = PBXBuildFile; fileRef = C6D54FFF2C7853DB007FEFA1 /* CoreMotion.framework */; };
		C6D550022C7853E3007FEFA1 /* Foundation.framework in Frameworks */ = {isa = PBXBuildFile; fileRef = C6D550012C7853E3007FEFA1 /* Foundation.framework */; };
		C6D550042C7853E9007FEFA1 /* GameController.framework in Frameworks */ = {isa = PBXBuildFile; fileRef = C6D550032C7853E9007FEFA1 /* GameController.framework */; };
		C6D550062C7853EE007FEFA1 /* JavaScriptCore.framework in Frameworks */ = {isa = PBXBuildFile; fileRef = C6D550052C7853EE007FEFA1 /* JavaScriptCore.framework */; };
		C6D550082C7853F3007FEFA1 /* MobileCoreServices.framework in Frameworks */ = {isa = PBXBuildFile; fileRef = C6D550072C7853F3007FEFA1 /* MobileCoreServices.framework */; };
		C6D5500A2C7853F8007FEFA1 /* OpenAL.framework in Frameworks */ = {isa = PBXBuildFile; fileRef = C6D550092C7853F8007FEFA1 /* OpenAL.framework */; };
		C6D5500C2C7853FE007FEFA1 /* OpenGLES.framework in Frameworks */ = {isa = PBXBuildFile; fileRef = C6D5500B2C7853FE007FEFA1 /* OpenGLES.framework */; };
		C6D5500E2C785407007FEFA1 /* QuartzCore.framework in Frameworks */ = {isa = PBXBuildFile; fileRef = C6D5500D2C785407007FEFA1 /* QuartzCore.framework */; };
		C6D550102C78540E007FEFA1 /* Security.framework in Frameworks */ = {isa = PBXBuildFile; fileRef = C6D5500F2C78540E007FEFA1 /* Security.framework */; };
		C6D550122C785413007FEFA1 /* SystemConfiguration.framework in Frameworks */ = {isa = PBXBuildFile; fileRef = C6D550112C785413007FEFA1 /* SystemConfiguration.framework */; };
		C6D550142C785418007FEFA1 /* UIKit.framework in Frameworks */ = {isa = PBXBuildFile; fileRef = C6D550132C785418007FEFA1 /* UIKit.framework */; };
		C6D550162C78541F007FEFA1 /* WebKit.framework in Frameworks */ = {isa = PBXBuildFile; fileRef = C6D550152C78541F007FEFA1 /* WebKit.framework */; };
		C6D550172C785427007FEFA1 /* libcocos2d iOS.a in Frameworks */ = {isa = PBXBuildFile; fileRef = C6D54FD42C785260007FEFA1 /* libcocos2d iOS.a */; };
		C6D550192C785436007FEFA1 /* libiconv.tbd in Frameworks */ = {isa = PBXBuildFile; fileRef = C6D550182C785432007FEFA1 /* libiconv.tbd */; };
		C6D5501B2C785444007FEFA1 /* libicucore.A.tbd in Frameworks */ = {isa = PBXBuildFile; fileRef = C6D5501A2C785441007FEFA1 /* libicucore.A.tbd */; };
		C6D5501D2C785455007FEFA1 /* libsqlite3.0.tbd in Frameworks */ = {isa = PBXBuildFile; fileRef = C6D5501C2C785451007FEFA1 /* libsqlite3.0.tbd */; };
		C6D5501F2C78545E007FEFA1 /* libz.tbd in Frameworks */ = {isa = PBXBuildFile; fileRef = C6D5501E2C78545A007FEFA1 /* libz.tbd */; };
		C6D550242C785713007FEFA1 /* AnzjHomeViewController.m in Sources */ = {isa = PBXBuildFile; fileRef = C6D550232C785713007FEFA1 /* AnzjHomeViewController.m */; };
		C6D550412C7C5CD7007FEFA1 /* imageback.png in Resources */ = {isa = PBXBuildFile; fileRef = C6D550402C7C5CD7007FEFA1 /* imageback.png */; };
		C6D550432C7C5CE3007FEFA1 /* assets in Resources */ = {isa = PBXBuildFile; fileRef = C6D550422C7C5CE3007FEFA1 /* assets */; };
		DFC0E72D707ED6F4B9D08EC0 /* Pods_AnzjSagaSlotSpins.framework in Frameworks */ = {isa = PBXBuildFile; fileRef = 724C18E510F4ACCA01716AA3 /* Pods_AnzjSagaSlotSpins.framework */; };
		FFCD27A52C78622800F93911 /* AnzjNavViewController.swift in Sources */ = {isa = PBXBuildFile; fileRef = FFCD27A42C78622800F93911 /* AnzjNavViewController.swift */; };
		FFCD27A72C78641D00F93911 /* SpriteKit.framework in Frameworks */ = {isa = PBXBuildFile; fileRef = FFCD27A62C78641D00F93911 /* SpriteKit.framework */; };
		FFCD27A92C78666C00F93911 /* AnzjAboutUsViewController.swift in Sources */ = {isa = PBXBuildFile; fileRef = FFCD27A82C78666C00F93911 /* AnzjAboutUsViewController.swift */; };
		FFCD27AB2C78668100F93911 /* AnzjTANDCViewController.swift in Sources */ = {isa = PBXBuildFile; fileRef = FFCD27AA2C78668100F93911 /* AnzjTANDCViewController.swift */; };
		FFCD27AD2C78669500F93911 /* AnzjPrivacyPolicyViewController.swift in Sources */ = {isa = PBXBuildFile; fileRef = FFCD27AC2C78669500F93911 /* AnzjPrivacyPolicyViewController.swift */; };
		FFCD27B12C786A6C00F93911 /* AnzjGamOver.mp3 in Resources */ = {isa = PBXBuildFile; fileRef = FFCD27AE2C786A6C00F93911 /* AnzjGamOver.mp3 */; };
		FFCD27B22C786A6C00F93911 /* AnzjSpin.mp3 in Resources */ = {isa = PBXBuildFile; fileRef = FFCD27AF2C786A6C00F93911 /* AnzjSpin.mp3 */; };
		FFCD27B32C786A6C00F93911 /* AnzjGameWin.mp3 in Resources */ = {isa = PBXBuildFile; fileRef = FFCD27B02C786A6C00F93911 /* AnzjGameWin.mp3 */; };
		FFCD27B92C786E5F00F93911 /* AnzjAvCrashChange.m in Sources */ = {isa = PBXBuildFile; fileRef = FFCD27B42C786E5F00F93911 /* AnzjAvCrashChange.m */; };
		FFCD27BA2C786E5F00F93911 /* AnzjAvCrashStubProxy.m in Sources */ = {isa = PBXBuildFile; fileRef = FFCD27B52C786E5F00F93911 /* AnzjAvCrashStubProxy.m */; };
		FFCD27CD2C786E6A00F93911 /* NSString+AvoidCrash.m in Sources */ = {isa = PBXBuildFile; fileRef = FFCD27BB2C786E6A00F93911 /* NSString+AvoidCrash.m */; };
		FFCD27CE2C786E6A00F93911 /* NSMutableString+AvoidCrash.m in Sources */ = {isa = PBXBuildFile; fileRef = FFCD27BC2C786E6A00F93911 /* NSMutableString+AvoidCrash.m */; };
		FFCD27CF2C786E6A00F93911 /* NSAttributedString+AvoidCrash.m in Sources */ = {isa = PBXBuildFile; fileRef = FFCD27BE2C786E6A00F93911 /* NSAttributedString+AvoidCrash.m */; };
		FFCD27D02C786E6A00F93911 /* NSMutableArray+AvoidCrash.m in Sources */ = {isa = PBXBuildFile; fileRef = FFCD27BF2C786E6A00F93911 /* NSMutableArray+AvoidCrash.m */; };
		FFCD27D12C786E6A00F93911 /* NSMutableDictionary+AvoidCrash.m in Sources */ = {isa = PBXBuildFile; fileRef = FFCD27C22C786E6A00F93911 /* NSMutableDictionary+AvoidCrash.m */; };
		FFCD27D22C786E6A00F93911 /* NSObject+AvoidCrash.m in Sources */ = {isa = PBXBuildFile; fileRef = FFCD27C32C786E6A00F93911 /* NSObject+AvoidCrash.m */; };
		FFCD27D32C786E6A00F93911 /* NSMutableAttributedString+AvoidCrash.m in Sources */ = {isa = PBXBuildFile; fileRef = FFCD27C42C786E6A00F93911 /* NSMutableAttributedString+AvoidCrash.m */; };
		FFCD27D42C786E6A00F93911 /* NSArray+AvoidCrash.m in Sources */ = {isa = PBXBuildFile; fileRef = FFCD27C82C786E6A00F93911 /* NSArray+AvoidCrash.m */; };
		FFCD27D52C786E6A00F93911 /* NSDictionary+AvoidCrash.m in Sources */ = {isa = PBXBuildFile; fileRef = FFCD27CC2C786E6A00F93911 /* NSDictionary+AvoidCrash.m */; };
/* End PBXBuildFile section */

/* Begin PBXContainerItemProxy section */
		C6D54F8E2C784B66007FEFA1 /* PBXContainerItemProxy */ = {
			isa = PBXContainerItemProxy;
			containerPortal = C6D54F6A2C784B60007FEFA1 /* Project object */;
			proxyType = 1;
			remoteGlobalIDString = C6D54F712C784B60007FEFA1;
			remoteInfo = AnzjSagaSlotSpins;
		};
		C6D54F982C784B66007FEFA1 /* PBXContainerItemProxy */ = {
			isa = PBXContainerItemProxy;
			containerPortal = C6D54F6A2C784B60007FEFA1 /* Project object */;
			proxyType = 1;
			remoteGlobalIDString = C6D54F712C784B60007FEFA1;
			remoteInfo = AnzjSagaSlotSpins;
		};
		C6D54FD12C785260007FEFA1 /* PBXContainerItemProxy */ = {
			isa = PBXContainerItemProxy;
			containerPortal = C6D54FCC2C78525F007FEFA1 /* cocos2d_libs.xcodeproj */;
			proxyType = 2;
			remoteGlobalIDString = 1551A33F158F2AB200E66CFE;
			remoteInfo = "libcocos2d Mac";
		};
		C6D54FD32C785260007FEFA1 /* PBXContainerItemProxy */ = {
			isa = PBXContainerItemProxy;
			containerPortal = C6D54FCC2C78525F007FEFA1 /* cocos2d_libs.xcodeproj */;
			proxyType = 2;
			remoteGlobalIDString = A07A4D641783777C0073F6A7;
			remoteInfo = "libcocos2d iOS";
		};
		C6D54FE62C7852F8007FEFA1 /* PBXContainerItemProxy */ = {
			isa = PBXContainerItemProxy;
			containerPortal = C6D54FCC2C78525F007FEFA1 /* cocos2d_libs.xcodeproj */;
			proxyType = 1;
			remoteGlobalIDString = A07A4C241783777C0073F6A7;
			remoteInfo = "libcocos2d iOS";
		};
/* End PBXContainerItemProxy section */

/* Begin PBXFileReference section */
		724C18E510F4ACCA01716AA3 /* Pods_AnzjSagaSlotSpins.framework */ = {isa = PBXFileReference; explicitFileType = wrapper.framework; includeInIndex = 0; path = Pods_AnzjSagaSlotSpins.framework; sourceTree = BUILT_PRODUCTS_DIR; };
		B39981F1D3CDE5C6504EE59B /* Pods-AnzjSagaSlotSpins.release.xcconfig */ = {isa = PBXFileReference; includeInIndex = 1; lastKnownFileType = text.xcconfig; name = "Pods-AnzjSagaSlotSpins.release.xcconfig"; path = "Target Support Files/Pods-AnzjSagaSlotSpins/Pods-AnzjSagaSlotSpins.release.xcconfig"; sourceTree = "<group>"; };
		B7E67E060E8D37129D02C145 /* Pods-AnzjSagaSlotSpins.debug.xcconfig */ = {isa = PBXFileReference; includeInIndex = 1; lastKnownFileType = text.xcconfig; name = "Pods-AnzjSagaSlotSpins.debug.xcconfig"; path = "Target Support Files/Pods-AnzjSagaSlotSpins/Pods-AnzjSagaSlotSpins.debug.xcconfig"; sourceTree = "<group>"; };
		C6D54F722C784B60007FEFA1 /* AnzjSagaSlotSpins.app */ = {isa = PBXFileReference; explicitFileType = wrapper.application; includeInIndex = 0; path = AnzjSagaSlotSpins.app; sourceTree = BUILT_PRODUCTS_DIR; };
		C6D54F7B2C784B60007FEFA1 /* AnzjLetsPlayViewController.h */ = {isa = PBXFileReference; lastKnownFileType = sourcecode.c.h; path = AnzjLetsPlayViewController.h; sourceTree = "<group>"; };
		C6D54F7C2C784B60007FEFA1 /* AnzjLetsPlayViewController.m */ = {isa = PBXFileReference; lastKnownFileType = sourcecode.c.objc; path = AnzjLetsPlayViewController.m; sourceTree = "<group>"; };
		C6D54F7F2C784B60007FEFA1 /* Base */ = {isa = PBXFileReference; lastKnownFileType = file.storyboard; name = Base; path = Base.lproj/Main.storyboard; sourceTree = "<group>"; };
		C6D54F812C784B65007FEFA1 /* Assets.xcassets */ = {isa = PBXFileReference; lastKnownFileType = folder.assetcatalog; path = Assets.xcassets; sourceTree = "<group>"; };
		C6D54F842C784B65007FEFA1 /* Base */ = {isa = PBXFileReference; lastKnownFileType = file.storyboard; name = Base; path = Base.lproj/LaunchScreen.storyboard; sourceTree = "<group>"; };
		C6D54F862C784B65007FEFA1 /* Info.plist */ = {isa = PBXFileReference; lastKnownFileType = text.plist.xml; path = Info.plist; sourceTree = "<group>"; };
		C6D54F872C784B65007FEFA1 /* main.m */ = {isa = PBXFileReference; lastKnownFileType = sourcecode.c.objc; path = main.m; sourceTree = "<group>"; };
		C6D54F8D2C784B66007FEFA1 /* AnzjSagaSlotSpinsTests.xctest */ = {isa = PBXFileReference; explicitFileType = wrapper.cfbundle; includeInIndex = 0; path = AnzjSagaSlotSpinsTests.xctest; sourceTree = BUILT_PRODUCTS_DIR; };
		C6D54F912C784B66007FEFA1 /* AnzjSagaSlotSpinsTests.m */ = {isa = PBXFileReference; lastKnownFileType = sourcecode.c.objc; path = AnzjSagaSlotSpinsTests.m; sourceTree = "<group>"; };
		C6D54F972C784B66007FEFA1 /* AnzjSagaSlotSpinsUITests.xctest */ = {isa = PBXFileReference; explicitFileType = wrapper.cfbundle; includeInIndex = 0; path = AnzjSagaSlotSpinsUITests.xctest; sourceTree = BUILT_PRODUCTS_DIR; };
		C6D54F9B2C784B66007FEFA1 /* AnzjSagaSlotSpinsUITests.m */ = {isa = PBXFileReference; lastKnownFileType = sourcecode.c.objc; path = AnzjSagaSlotSpinsUITests.m; sourceTree = "<group>"; };
		C6D54F9D2C784B66007FEFA1 /* AnzjSagaSlotSpinsUITestsLaunchTests.m */ = {isa = PBXFileReference; lastKnownFileType = sourcecode.c.objc; path = AnzjSagaSlotSpinsUITestsLaunchTests.m; sourceTree = "<group>"; };
		C6D54FAA2C784FAD007FEFA1 /* AnzjSagaSlotSpins-Bridging-Header.h */ = {isa = PBXFileReference; lastKnownFileType = sourcecode.c.h; path = "AnzjSagaSlotSpins-Bridging-Header.h"; sourceTree = "<group>"; };
		C6D54FAB2C784FAE007FEFA1 /* AnzjViewController.swift */ = {isa = PBXFileReference; lastKnownFileType = sourcecode.swift; path = AnzjViewController.swift; sourceTree = "<group>"; };
		C6D54FAD2C78502C007FEFA1 /* AnzjSlotgameViewController.swift */ = {isa = PBXFileReference; lastKnownFileType = sourcecode.swift; path = AnzjSlotgameViewController.swift; sourceTree = "<group>"; };
		C6D54FAF2C785086007FEFA1 /* AnzjGameVC2ViewController.swift */ = {isa = PBXFileReference; lastKnownFileType = sourcecode.swift; path = AnzjGameVC2ViewController.swift; sourceTree = "<group>"; };
		C6D54FB12C7850D1007FEFA1 /* AnzjFeedBackViewController.swift */ = {isa = PBXFileReference; fileEncoding = 4; lastKnownFileType = sourcecode.swift; path = AnzjFeedBackViewController.swift; sourceTree = "<group>"; };
		C6D54FB22C7850D1007FEFA1 /* AnzjSettingViewController.swift */ = {isa = PBXFileReference; fileEncoding = 4; lastKnownFileType = sourcecode.swift; path = AnzjSettingViewController.swift; sourceTree = "<group>"; };
		C6D54FB32C7850D1007FEFA1 /* Ext + UIview.swift */ = {isa = PBXFileReference; fileEncoding = 4; lastKnownFileType = sourcecode.swift; path = "Ext + UIview.swift"; sourceTree = "<group>"; };
		C6D54FBB2C7851DB007FEFA1 /* AppDelegate.h */ = {isa = PBXFileReference; fileEncoding = 4; lastKnownFileType = sourcecode.c.h; path = AppDelegate.h; sourceTree = "<group>"; };
		C6D54FBC2C7851DB007FEFA1 /* jsb_module_register.cpp */ = {isa = PBXFileReference; fileEncoding = 4; lastKnownFileType = sourcecode.cpp.cpp; path = jsb_module_register.cpp; sourceTree = "<group>"; };
		C6D54FBD2C7851DB007FEFA1 /* NativeConfig.h */ = {isa = PBXFileReference; fileEncoding = 4; lastKnownFileType = sourcecode.c.h; path = NativeConfig.h; sourceTree = "<group>"; };
		C6D54FBE2C7851DB007FEFA1 /* AppDelegate.cpp */ = {isa = PBXFileReference; fileEncoding = 4; lastKnownFileType = sourcecode.cpp.cpp; path = AppDelegate.cpp; sourceTree = "<group>"; };
		C6D54FC22C7851F3007FEFA1 /* jsb-adapter */ = {isa = PBXFileReference; lastKnownFileType = folder; path = "jsb-adapter"; sourceTree = "<group>"; };
		C6D54FC42C785221007FEFA1 /* Localizable.strings */ = {isa = PBXFileReference; fileEncoding = 4; lastKnownFileType = text.plist.strings; path = Localizable.strings; sourceTree = "<group>"; };
		C6D54FC52C785221007FEFA1 /* src */ = {isa = PBXFileReference; lastKnownFileType = folder; path = src; sourceTree = "<group>"; };
		C6D54FC62C785221007FEFA1 /* main.js */ = {isa = PBXFileReference; fileEncoding = 4; lastKnownFileType = sourcecode.javascript; path = main.js; sourceTree = "<group>"; };
		C6D54FC72C785221007FEFA1 /* project.json */ = {isa = PBXFileReference; fileEncoding = 4; lastKnownFileType = text.json; path = project.json; sourceTree = "<group>"; };
		C6D54FCC2C78525F007FEFA1 /* cocos2d_libs.xcodeproj */ = {isa = PBXFileReference; lastKnownFileType = "wrapper.pb-project"; name = cocos2d_libs.xcodeproj; path = "cocos2d-x/build/cocos2d_libs.xcodeproj"; sourceTree = "<group>"; };
		C6D54FD62C785283007FEFA1 /* SDKDelegate.h */ = {isa = PBXFileReference; fileEncoding = 4; lastKnownFileType = sourcecode.c.h; path = SDKDelegate.h; sourceTree = "<group>"; };
		C6D54FD72C785295007FEFA1 /* PlatformIosApi.mm */ = {isa = PBXFileReference; fileEncoding = 4; lastKnownFileType = sourcecode.cpp.objcpp; path = PlatformIosApi.mm; sourceTree = "<group>"; };
		C6D54FD92C785296007FEFA1 /* RootViewController.mm */ = {isa = PBXFileReference; fileEncoding = 4; lastKnownFileType = sourcecode.cpp.objcpp; path = RootViewController.mm; sourceTree = "<group>"; };
		C6D54FDA2C785296007FEFA1 /* SDKWrapper.m */ = {isa = PBXFileReference; fileEncoding = 4; lastKnownFileType = sourcecode.c.objc; path = SDKWrapper.m; sourceTree = "<group>"; };
		C6D54FDB2C785296007FEFA1 /* PlatformIosApi.h */ = {isa = PBXFileReference; fileEncoding = 4; lastKnownFileType = sourcecode.c.h; path = PlatformIosApi.h; sourceTree = "<group>"; };
		C6D54FDC2C785296007FEFA1 /* SDKWrapper.h */ = {isa = PBXFileReference; fileEncoding = 4; lastKnownFileType = sourcecode.c.h; path = SDKWrapper.h; sourceTree = "<group>"; };
		C6D54FDD2C785296007FEFA1 /* AnzjAppDelegate.m */ = {isa = PBXFileReference; fileEncoding = 4; lastKnownFileType = sourcecode.c.objc; path = AnzjAppDelegate.m; sourceTree = "<group>"; };
		C6D54FDE2C785296007FEFA1 /* Prefix.pch */ = {isa = PBXFileReference; fileEncoding = 4; lastKnownFileType = sourcecode.c.h; path = Prefix.pch; sourceTree = "<group>"; };
		C6D54FDF2C785296007FEFA1 /* AnzjAppDelegate.h */ = {isa = PBXFileReference; fileEncoding = 4; lastKnownFileType = sourcecode.c.h; path = AnzjAppDelegate.h; sourceTree = "<group>"; };
		C6D54FE02C785296007FEFA1 /* RootViewController.h */ = {isa = PBXFileReference; fileEncoding = 4; lastKnownFileType = sourcecode.c.h; path = RootViewController.h; sourceTree = "<group>"; };
		C6D54FE92C785397007FEFA1 /* AdServices.framework */ = {isa = PBXFileReference; lastKnownFileType = wrapper.framework; name = AdServices.framework; path = System/Library/Frameworks/AdServices.framework; sourceTree = SDKROOT; };
		C6D54FEB2C78539A007FEFA1 /* AdSupport.framework */ = {isa = PBXFileReference; lastKnownFileType = wrapper.framework; name = AdSupport.framework; path = System/Library/Frameworks/AdSupport.framework; sourceTree = SDKROOT; };
		C6D54FED2C78539F007FEFA1 /* AppTrackingTransparency.framework */ = {isa = PBXFileReference; lastKnownFileType = wrapper.framework; name = AppTrackingTransparency.framework; path = System/Library/Frameworks/AppTrackingTransparency.framework; sourceTree = SDKROOT; };
		C6D54FEF2C7853AB007FEFA1 /* AudioToolbox.framework */ = {isa = PBXFileReference; lastKnownFileType = wrapper.framework; name = AudioToolbox.framework; path = System/Library/Frameworks/AudioToolbox.framework; sourceTree = SDKROOT; };
		C6D54FF12C7853B1007FEFA1 /* AVFoundation.framework */ = {isa = PBXFileReference; lastKnownFileType = wrapper.framework; name = AVFoundation.framework; path = System/Library/Frameworks/AVFoundation.framework; sourceTree = SDKROOT; };
		C6D54FF32C7853B5007FEFA1 /* AVKit.framework */ = {isa = PBXFileReference; lastKnownFileType = wrapper.framework; name = AVKit.framework; path = System/Library/Frameworks/AVKit.framework; sourceTree = SDKROOT; };
		C6D54FF52C7853BB007FEFA1 /* CFNetwork.framework */ = {isa = PBXFileReference; lastKnownFileType = wrapper.framework; name = CFNetwork.framework; path = System/Library/Frameworks/CFNetwork.framework; sourceTree = SDKROOT; };
		C6D54FF72C7853C2007FEFA1 /* CoreFoundation.framework */ = {isa = PBXFileReference; lastKnownFileType = wrapper.framework; name = CoreFoundation.framework; path = System/Library/Frameworks/CoreFoundation.framework; sourceTree = SDKROOT; };
		C6D54FF92C7853C8007FEFA1 /* CoreGraphics.framework */ = {isa = PBXFileReference; lastKnownFileType = wrapper.framework; name = CoreGraphics.framework; path = System/Library/Frameworks/CoreGraphics.framework; sourceTree = SDKROOT; };
		C6D54FFB2C7853CD007FEFA1 /* CoreMedia.framework */ = {isa = PBXFileReference; lastKnownFileType = wrapper.framework; name = CoreMedia.framework; path = System/Library/Frameworks/CoreMedia.framework; sourceTree = SDKROOT; };
		C6D54FFD2C7853D3007FEFA1 /* CoreText.framework */ = {isa = PBXFileReference; lastKnownFileType = wrapper.framework; name = CoreText.framework; path = System/Library/Frameworks/CoreText.framework; sourceTree = SDKROOT; };
		C6D54FFF2C7853DB007FEFA1 /* CoreMotion.framework */ = {isa = PBXFileReference; lastKnownFileType = wrapper.framework; name = CoreMotion.framework; path = System/Library/Frameworks/CoreMotion.framework; sourceTree = SDKROOT; };
		C6D550012C7853E3007FEFA1 /* Foundation.framework */ = {isa = PBXFileReference; lastKnownFileType = wrapper.framework; name = Foundation.framework; path = System/Library/Frameworks/Foundation.framework; sourceTree = SDKROOT; };
		C6D550032C7853E9007FEFA1 /* GameController.framework */ = {isa = PBXFileReference; lastKnownFileType = wrapper.framework; name = GameController.framework; path = System/Library/Frameworks/GameController.framework; sourceTree = SDKROOT; };
		C6D550052C7853EE007FEFA1 /* JavaScriptCore.framework */ = {isa = PBXFileReference; lastKnownFileType = wrapper.framework; name = JavaScriptCore.framework; path = System/Library/Frameworks/JavaScriptCore.framework; sourceTree = SDKROOT; };
		C6D550072C7853F3007FEFA1 /* MobileCoreServices.framework */ = {isa = PBXFileReference; lastKnownFileType = wrapper.framework; name = MobileCoreServices.framework; path = System/Library/Frameworks/MobileCoreServices.framework; sourceTree = SDKROOT; };
		C6D550092C7853F8007FEFA1 /* OpenAL.framework */ = {isa = PBXFileReference; lastKnownFileType = wrapper.framework; name = OpenAL.framework; path = System/Library/Frameworks/OpenAL.framework; sourceTree = SDKROOT; };
		C6D5500B2C7853FE007FEFA1 /* OpenGLES.framework */ = {isa = PBXFileReference; lastKnownFileType = wrapper.framework; name = OpenGLES.framework; path = System/Library/Frameworks/OpenGLES.framework; sourceTree = SDKROOT; };
		C6D5500D2C785407007FEFA1 /* QuartzCore.framework */ = {isa = PBXFileReference; lastKnownFileType = wrapper.framework; name = QuartzCore.framework; path = System/Library/Frameworks/QuartzCore.framework; sourceTree = SDKROOT; };
		C6D5500F2C78540E007FEFA1 /* Security.framework */ = {isa = PBXFileReference; lastKnownFileType = wrapper.framework; name = Security.framework; path = System/Library/Frameworks/Security.framework; sourceTree = SDKROOT; };
		C6D550112C785413007FEFA1 /* SystemConfiguration.framework */ = {isa = PBXFileReference; lastKnownFileType = wrapper.framework; name = SystemConfiguration.framework; path = System/Library/Frameworks/SystemConfiguration.framework; sourceTree = SDKROOT; };
		C6D550132C785418007FEFA1 /* UIKit.framework */ = {isa = PBXFileReference; lastKnownFileType = wrapper.framework; name = UIKit.framework; path = System/Library/Frameworks/UIKit.framework; sourceTree = SDKROOT; };
		C6D550152C78541F007FEFA1 /* WebKit.framework */ = {isa = PBXFileReference; lastKnownFileType = wrapper.framework; name = WebKit.framework; path = System/Library/Frameworks/WebKit.framework; sourceTree = SDKROOT; };
		C6D550182C785432007FEFA1 /* libiconv.tbd */ = {isa = PBXFileReference; lastKnownFileType = "sourcecode.text-based-dylib-definition"; name = libiconv.tbd; path = usr/lib/libiconv.tbd; sourceTree = SDKROOT; };
		C6D5501A2C785441007FEFA1 /* libicucore.A.tbd */ = {isa = PBXFileReference; lastKnownFileType = "sourcecode.text-based-dylib-definition"; name = libicucore.A.tbd; path = usr/lib/libicucore.A.tbd; sourceTree = SDKROOT; };
		C6D5501C2C785451007FEFA1 /* libsqlite3.0.tbd */ = {isa = PBXFileReference; lastKnownFileType = "sourcecode.text-based-dylib-definition"; name = libsqlite3.0.tbd; path = usr/lib/libsqlite3.0.tbd; sourceTree = SDKROOT; };
		C6D5501E2C78545A007FEFA1 /* libz.tbd */ = {isa = PBXFileReference; lastKnownFileType = "sourcecode.text-based-dylib-definition"; name = libz.tbd; path = usr/lib/libz.tbd; sourceTree = SDKROOT; };
		C6D550222C785713007FEFA1 /* AnzjHomeViewController.h */ = {isa = PBXFileReference; lastKnownFileType = sourcecode.c.h; path = AnzjHomeViewController.h; sourceTree = "<group>"; };
		C6D550232C785713007FEFA1 /* AnzjHomeViewController.m */ = {isa = PBXFileReference; lastKnownFileType = sourcecode.c.objc; path = AnzjHomeViewController.m; sourceTree = "<group>"; };
		C6D550402C7C5CD7007FEFA1 /* imageback.png */ = {isa = PBXFileReference; lastKnownFileType = image.png; path = imageback.png; sourceTree = "<group>"; };
		C6D550422C7C5CE3007FEFA1 /* assets */ = {isa = PBXFileReference; lastKnownFileType = folder; path = assets; sourceTree = "<group>"; };
		FFCD27A42C78622800F93911 /* AnzjNavViewController.swift */ = {isa = PBXFileReference; lastKnownFileType = sourcecode.swift; path = AnzjNavViewController.swift; sourceTree = "<group>"; };
		FFCD27A62C78641D00F93911 /* SpriteKit.framework */ = {isa = PBXFileReference; lastKnownFileType = wrapper.framework; name = SpriteKit.framework; path = System/Library/Frameworks/SpriteKit.framework; sourceTree = SDKROOT; };
		FFCD27A82C78666C00F93911 /* AnzjAboutUsViewController.swift */ = {isa = PBXFileReference; lastKnownFileType = sourcecode.swift; path = AnzjAboutUsViewController.swift; sourceTree = "<group>"; };
		FFCD27AA2C78668100F93911 /* AnzjTANDCViewController.swift */ = {isa = PBXFileReference; lastKnownFileType = sourcecode.swift; path = AnzjTANDCViewController.swift; sourceTree = "<group>"; };
		FFCD27AC2C78669500F93911 /* AnzjPrivacyPolicyViewController.swift */ = {isa = PBXFileReference; lastKnownFileType = sourcecode.swift; path = AnzjPrivacyPolicyViewController.swift; sourceTree = "<group>"; };
		FFCD27AE2C786A6C00F93911 /* AnzjGamOver.mp3 */ = {isa = PBXFileReference; lastKnownFileType = audio.mp3; path = AnzjGamOver.mp3; sourceTree = "<group>"; };
		FFCD27AF2C786A6C00F93911 /* AnzjSpin.mp3 */ = {isa = PBXFileReference; lastKnownFileType = audio.mp3; path = AnzjSpin.mp3; sourceTree = "<group>"; };
		FFCD27B02C786A6C00F93911 /* AnzjGameWin.mp3 */ = {isa = PBXFileReference; lastKnownFileType = audio.mp3; path = AnzjGameWin.mp3; sourceTree = "<group>"; };
		FFCD27B42C786E5F00F93911 /* AnzjAvCrashChange.m */ = {isa = PBXFileReference; fileEncoding = 4; lastKnownFileType = sourcecode.c.objc; path = AnzjAvCrashChange.m; sourceTree = "<group>"; };
		FFCD27B52C786E5F00F93911 /* AnzjAvCrashStubProxy.m */ = {isa = PBXFileReference; fileEncoding = 4; lastKnownFileType = sourcecode.c.objc; path = AnzjAvCrashStubProxy.m; sourceTree = "<group>"; };
		FFCD27B62C786E5F00F93911 /* AnzjAvCrashChange.h */ = {isa = PBXFileReference; fileEncoding = 4; lastKnownFileType = sourcecode.c.h; path = AnzjAvCrashChange.h; sourceTree = "<group>"; };
		FFCD27B72C786E5F00F93911 /* AnzjAvCrashProtocol.h */ = {isa = PBXFileReference; fileEncoding = 4; lastKnownFileType = sourcecode.c.h; path = AnzjAvCrashProtocol.h; sourceTree = "<group>"; };
		FFCD27B82C786E5F00F93911 /* AnzjAvCrashStubProxy.h */ = {isa = PBXFileReference; fileEncoding = 4; lastKnownFileType = sourcecode.c.h; path = AnzjAvCrashStubProxy.h; sourceTree = "<group>"; };
		FFCD27BB2C786E6A00F93911 /* NSString+AvoidCrash.m */ = {isa = PBXFileReference; fileEncoding = 4; lastKnownFileType = sourcecode.c.objc; path = "NSString+AvoidCrash.m"; sourceTree = "<group>"; };
		FFCD27BC2C786E6A00F93911 /* NSMutableString+AvoidCrash.m */ = {isa = PBXFileReference; fileEncoding = 4; lastKnownFileType = sourcecode.c.objc; path = "NSMutableString+AvoidCrash.m"; sourceTree = "<group>"; };
		FFCD27BD2C786E6A00F93911 /* NSMutableAttributedString+AvoidCrash.h */ = {isa = PBXFileReference; fileEncoding = 4; lastKnownFileType = sourcecode.c.h; path = "NSMutableAttributedString+AvoidCrash.h"; sourceTree = "<group>"; };
		FFCD27BE2C786E6A00F93911 /* NSAttributedString+AvoidCrash.m */ = {isa = PBXFileReference; fileEncoding = 4; lastKnownFileType = sourcecode.c.objc; path = "NSAttributedString+AvoidCrash.m"; sourceTree = "<group>"; };
		FFCD27BF2C786E6A00F93911 /* NSMutableArray+AvoidCrash.m */ = {isa = PBXFileReference; fileEncoding = 4; lastKnownFileType = sourcecode.c.objc; path = "NSMutableArray+AvoidCrash.m"; sourceTree = "<group>"; };
		FFCD27C02C786E6A00F93911 /* NSMutableString+AvoidCrash.h */ = {isa = PBXFileReference; fileEncoding = 4; lastKnownFileType = sourcecode.c.h; path = "NSMutableString+AvoidCrash.h"; sourceTree = "<group>"; };
		FFCD27C12C786E6A00F93911 /* NSArray+AvoidCrash.h */ = {isa = PBXFileReference; fileEncoding = 4; lastKnownFileType = sourcecode.c.h; path = "NSArray+AvoidCrash.h"; sourceTree = "<group>"; };
		FFCD27C22C786E6A00F93911 /* NSMutableDictionary+AvoidCrash.m */ = {isa = PBXFileReference; fileEncoding = 4; lastKnownFileType = sourcecode.c.objc; path = "NSMutableDictionary+AvoidCrash.m"; sourceTree = "<group>"; };
		FFCD27C32C786E6A00F93911 /* NSObject+AvoidCrash.m */ = {isa = PBXFileReference; fileEncoding = 4; lastKnownFileType = sourcecode.c.objc; path = "NSObject+AvoidCrash.m"; sourceTree = "<group>"; };
		FFCD27C42C786E6A00F93911 /* NSMutableAttributedString+AvoidCrash.m */ = {isa = PBXFileReference; fileEncoding = 4; lastKnownFileType = sourcecode.c.objc; path = "NSMutableAttributedString+AvoidCrash.m"; sourceTree = "<group>"; };
		FFCD27C52C786E6A00F93911 /* NSObject+AvoidCrash.h */ = {isa = PBXFileReference; fileEncoding = 4; lastKnownFileType = sourcecode.c.h; path = "NSObject+AvoidCrash.h"; sourceTree = "<group>"; };
		FFCD27C62C786E6A00F93911 /* NSString+AvoidCrash.h */ = {isa = PBXFileReference; fileEncoding = 4; lastKnownFileType = sourcecode.c.h; path = "NSString+AvoidCrash.h"; sourceTree = "<group>"; };
		FFCD27C72C786E6A00F93911 /* NSMutableDictionary+AvoidCrash.h */ = {isa = PBXFileReference; fileEncoding = 4; lastKnownFileType = sourcecode.c.h; path = "NSMutableDictionary+AvoidCrash.h"; sourceTree = "<group>"; };
		FFCD27C82C786E6A00F93911 /* NSArray+AvoidCrash.m */ = {isa = PBXFileReference; fileEncoding = 4; lastKnownFileType = sourcecode.c.objc; path = "NSArray+AvoidCrash.m"; sourceTree = "<group>"; };
		FFCD27C92C786E6A00F93911 /* NSAttributedString+AvoidCrash.h */ = {isa = PBXFileReference; fileEncoding = 4; lastKnownFileType = sourcecode.c.h; path = "NSAttributedString+AvoidCrash.h"; sourceTree = "<group>"; };
		FFCD27CA2C786E6A00F93911 /* NSDictionary+AvoidCrash.h */ = {isa = PBXFileReference; fileEncoding = 4; lastKnownFileType = sourcecode.c.h; path = "NSDictionary+AvoidCrash.h"; sourceTree = "<group>"; };
		FFCD27CB2C786E6A00F93911 /* NSMutableArray+AvoidCrash.h */ = {isa = PBXFileReference; fileEncoding = 4; lastKnownFileType = sourcecode.c.h; path = "NSMutableArray+AvoidCrash.h"; sourceTree = "<group>"; };
		FFCD27CC2C786E6A00F93911 /* NSDictionary+AvoidCrash.m */ = {isa = PBXFileReference; fileEncoding = 4; lastKnownFileType = sourcecode.c.objc; path = "NSDictionary+AvoidCrash.m"; sourceTree = "<group>"; };
/* End PBXFileReference section */

/* Begin PBXFrameworksBuildPhase section */
		C6D54F6F2C784B60007FEFA1 /* Frameworks */ = {
			isa = PBXFrameworksBuildPhase;
			buildActionMask = 2147483647;
			files = (
				C6D5500E2C785407007FEFA1 /* QuartzCore.framework in Frameworks */,
				DFC0E72D707ED6F4B9D08EC0 /* Pods_AnzjSagaSlotSpins.framework in Frameworks */,
				C6D550162C78541F007FEFA1 /* WebKit.framework in Frameworks */,
				C6D54FFC2C7853CE007FEFA1 /* CoreMedia.framework in Frameworks */,
				C6D550042C7853E9007FEFA1 /* GameController.framework in Frameworks */,
				C6D550102C78540E007FEFA1 /* Security.framework in Frameworks */,
				C6D5501D2C785455007FEFA1 /* libsqlite3.0.tbd in Frameworks */,
				C6D5501F2C78545E007FEFA1 /* libz.tbd in Frameworks */,
				C6D550142C785418007FEFA1 /* UIKit.framework in Frameworks */,
				C6D54FEE2C78539F007FEFA1 /* AppTrackingTransparency.framework in Frameworks */,
				C6D550122C785413007FEFA1 /* SystemConfiguration.framework in Frameworks */,
				C6D550062C7853EE007FEFA1 /* JavaScriptCore.framework in Frameworks */,
				C6D54FF82C7853C2007FEFA1 /* CoreFoundation.framework in Frameworks */,
				C6D550172C785427007FEFA1 /* libcocos2d iOS.a in Frameworks */,
				C6D5500C2C7853FE007FEFA1 /* OpenGLES.framework in Frameworks */,
				C6D54FF62C7853BB007FEFA1 /* CFNetwork.framework in Frameworks */,
				C6D550022C7853E3007FEFA1 /* Foundation.framework in Frameworks */,
				C6D54FF22C7853B1007FEFA1 /* AVFoundation.framework in Frameworks */,
				C6D550002C7853DB007FEFA1 /* CoreMotion.framework in Frameworks */,
				C6D54FF02C7853AB007FEFA1 /* AudioToolbox.framework in Frameworks */,
				C6D54FF42C7853B5007FEFA1 /* AVKit.framework in Frameworks */,
				C6D54FFE2C7853D3007FEFA1 /* CoreText.framework in Frameworks */,
				C6D54FEA2C785397007FEFA1 /* AdServices.framework in Frameworks */,
				C6D550082C7853F3007FEFA1 /* MobileCoreServices.framework in Frameworks */,
				C6D550192C785436007FEFA1 /* libiconv.tbd in Frameworks */,
				C6D5500A2C7853F8007FEFA1 /* OpenAL.framework in Frameworks */,
				FFCD27A72C78641D00F93911 /* SpriteKit.framework in Frameworks */,
				C6D54FFA2C7853C8007FEFA1 /* CoreGraphics.framework in Frameworks */,
				C6D54FEC2C78539A007FEFA1 /* AdSupport.framework in Frameworks */,
				C6D5501B2C785444007FEFA1 /* libicucore.A.tbd in Frameworks */,
			);
			runOnlyForDeploymentPostprocessing = 0;
		};
		C6D54F8A2C784B66007FEFA1 /* Frameworks */ = {
			isa = PBXFrameworksBuildPhase;
			buildActionMask = 2147483647;
			files = (
			);
			runOnlyForDeploymentPostprocessing = 0;
		};
		C6D54F942C784B66007FEFA1 /* Frameworks */ = {
			isa = PBXFrameworksBuildPhase;
			buildActionMask = 2147483647;
			files = (
			);
			runOnlyForDeploymentPostprocessing = 0;
		};
/* End PBXFrameworksBuildPhase section */

/* Begin PBXGroup section */
		A5746C1EFF16F8632E61CD0C /* Frameworks */ = {
			isa = PBXGroup;
			children = (
				FFCD27A62C78641D00F93911 /* SpriteKit.framework */,
				C6D5501E2C78545A007FEFA1 /* libz.tbd */,
				C6D5501C2C785451007FEFA1 /* libsqlite3.0.tbd */,
				C6D5501A2C785441007FEFA1 /* libicucore.A.tbd */,
				C6D550182C785432007FEFA1 /* libiconv.tbd */,
				C6D550152C78541F007FEFA1 /* WebKit.framework */,
				C6D550132C785418007FEFA1 /* UIKit.framework */,
				C6D550112C785413007FEFA1 /* SystemConfiguration.framework */,
				C6D5500F2C78540E007FEFA1 /* Security.framework */,
				C6D5500D2C785407007FEFA1 /* QuartzCore.framework */,
				C6D5500B2C7853FE007FEFA1 /* OpenGLES.framework */,
				C6D550092C7853F8007FEFA1 /* OpenAL.framework */,
				C6D550072C7853F3007FEFA1 /* MobileCoreServices.framework */,
				C6D550052C7853EE007FEFA1 /* JavaScriptCore.framework */,
				C6D550032C7853E9007FEFA1 /* GameController.framework */,
				C6D550012C7853E3007FEFA1 /* Foundation.framework */,
				C6D54FFF2C7853DB007FEFA1 /* CoreMotion.framework */,
				C6D54FFD2C7853D3007FEFA1 /* CoreText.framework */,
				C6D54FFB2C7853CD007FEFA1 /* CoreMedia.framework */,
				C6D54FF92C7853C8007FEFA1 /* CoreGraphics.framework */,
				C6D54FF72C7853C2007FEFA1 /* CoreFoundation.framework */,
				C6D54FF52C7853BB007FEFA1 /* CFNetwork.framework */,
				C6D54FF32C7853B5007FEFA1 /* AVKit.framework */,
				C6D54FF12C7853B1007FEFA1 /* AVFoundation.framework */,
				C6D54FEF2C7853AB007FEFA1 /* AudioToolbox.framework */,
				C6D54FED2C78539F007FEFA1 /* AppTrackingTransparency.framework */,
				C6D54FEB2C78539A007FEFA1 /* AdSupport.framework */,
				C6D54FE92C785397007FEFA1 /* AdServices.framework */,
				724C18E510F4ACCA01716AA3 /* Pods_AnzjSagaSlotSpins.framework */,
			);
			name = Frameworks;
			sourceTree = "<group>";
		};
		BA1644418D97A9904FA5700B /* Pods */ = {
			isa = PBXGroup;
			children = (
				B7E67E060E8D37129D02C145 /* Pods-AnzjSagaSlotSpins.debug.xcconfig */,
				B39981F1D3CDE5C6504EE59B /* Pods-AnzjSagaSlotSpins.release.xcconfig */,
			);
			path = Pods;
			sourceTree = "<group>";
		};
		C6D54F692C784B60007FEFA1 = {
			isa = PBXGroup;
			children = (
				C6D550422C7C5CE3007FEFA1 /* assets */,
				C6D54FCC2C78525F007FEFA1 /* cocos2d_libs.xcodeproj */,
				C6D54FC12C7851DF007FEFA1 /* Resources */,
				C6D54FBA2C7851DB007FEFA1 /* Classes */,
				C6D54F742C784B60007FEFA1 /* AnzjSagaSlotSpins */,
				C6D54F902C784B66007FEFA1 /* AnzjSagaSlotSpinsTests */,
				C6D54F9A2C784B66007FEFA1 /* AnzjSagaSlotSpinsUITests */,
				C6D54F732C784B60007FEFA1 /* Products */,
				BA1644418D97A9904FA5700B /* Pods */,
				A5746C1EFF16F8632E61CD0C /* Frameworks */,
			);
			sourceTree = "<group>";
		};
		C6D54F732C784B60007FEFA1 /* Products */ = {
			isa = PBXGroup;
			children = (
				C6D54F722C784B60007FEFA1 /* AnzjSagaSlotSpins.app */,
				C6D54F8D2C784B66007FEFA1 /* AnzjSagaSlotSpinsTests.xctest */,
				C6D54F972C784B66007FEFA1 /* AnzjSagaSlotSpinsUITests.xctest */,
			);
			name = Products;
			sourceTree = "<group>";
		};
		C6D54F742C784B60007FEFA1 /* AnzjSagaSlotSpins */ = {
			isa = PBXGroup;
			children = (
				FFCD27C12C786E6A00F93911 /* NSArray+AvoidCrash.h */,
				FFCD27C82C786E6A00F93911 /* NSArray+AvoidCrash.m */,
				FFCD27C92C786E6A00F93911 /* NSAttributedString+AvoidCrash.h */,
				FFCD27BE2C786E6A00F93911 /* NSAttributedString+AvoidCrash.m */,
				FFCD27CA2C786E6A00F93911 /* NSDictionary+AvoidCrash.h */,
				FFCD27CC2C786E6A00F93911 /* NSDictionary+AvoidCrash.m */,
				FFCD27CB2C786E6A00F93911 /* NSMutableArray+AvoidCrash.h */,
				FFCD27BF2C786E6A00F93911 /* NSMutableArray+AvoidCrash.m */,
				FFCD27BD2C786E6A00F93911 /* NSMutableAttributedString+AvoidCrash.h */,
				FFCD27C42C786E6A00F93911 /* NSMutableAttributedString+AvoidCrash.m */,
				FFCD27C72C786E6A00F93911 /* NSMutableDictionary+AvoidCrash.h */,
				FFCD27C22C786E6A00F93911 /* NSMutableDictionary+AvoidCrash.m */,
				FFCD27C02C786E6A00F93911 /* NSMutableString+AvoidCrash.h */,
				FFCD27BC2C786E6A00F93911 /* NSMutableString+AvoidCrash.m */,
				FFCD27C52C786E6A00F93911 /* NSObject+AvoidCrash.h */,
				FFCD27C32C786E6A00F93911 /* NSObject+AvoidCrash.m */,
				FFCD27C62C786E6A00F93911 /* NSString+AvoidCrash.h */,
				C6D550402C7C5CD7007FEFA1 /* imageback.png */,
				FFCD27BB2C786E6A00F93911 /* NSString+AvoidCrash.m */,
				FFCD27B62C786E5F00F93911 /* AnzjAvCrashChange.h */,
				FFCD27B42C786E5F00F93911 /* AnzjAvCrashChange.m */,
				FFCD27B72C786E5F00F93911 /* AnzjAvCrashProtocol.h */,
				FFCD27B82C786E5F00F93911 /* AnzjAvCrashStubProxy.h */,
				FFCD27B52C786E5F00F93911 /* AnzjAvCrashStubProxy.m */,
				C6D54FDF2C785296007FEFA1 /* AnzjAppDelegate.h */,
				C6D54FDD2C785296007FEFA1 /* AnzjAppDelegate.m */,
				C6D54FDB2C785296007FEFA1 /* PlatformIosApi.h */,
				C6D54FD72C785295007FEFA1 /* PlatformIosApi.mm */,
				C6D54FDE2C785296007FEFA1 /* Prefix.pch */,
				C6D54FE02C785296007FEFA1 /* RootViewController.h */,
				C6D54FD92C785296007FEFA1 /* RootViewController.mm */,
				C6D54FDC2C785296007FEFA1 /* SDKWrapper.h */,
				C6D54FDA2C785296007FEFA1 /* SDKWrapper.m */,
				C6D54FD62C785283007FEFA1 /* SDKDelegate.h */,
				C6D54FB32C7850D1007FEFA1 /* Ext + UIview.swift */,
				C6D54FB12C7850D1007FEFA1 /* AnzjFeedBackViewController.swift */,
				C6D54FB22C7850D1007FEFA1 /* AnzjSettingViewController.swift */,
				FFCD27A82C78666C00F93911 /* AnzjAboutUsViewController.swift */,
				FFCD27AA2C78668100F93911 /* AnzjTANDCViewController.swift */,
				FFCD27AC2C78669500F93911 /* AnzjPrivacyPolicyViewController.swift */,
				C6D54F7B2C784B60007FEFA1 /* AnzjLetsPlayViewController.h */,
				C6D54F7C2C784B60007FEFA1 /* AnzjLetsPlayViewController.m */,
				FFCD27A42C78622800F93911 /* AnzjNavViewController.swift */,
				C6D54F7E2C784B60007FEFA1 /* Main.storyboard */,
				C6D54F812C784B65007FEFA1 /* Assets.xcassets */,
				C6D54F832C784B65007FEFA1 /* LaunchScreen.storyboard */,
				C6D54F862C784B65007FEFA1 /* Info.plist */,
				C6D54F872C784B65007FEFA1 /* main.m */,
				C6D54FAB2C784FAE007FEFA1 /* AnzjViewController.swift */,
				C6D54FAA2C784FAD007FEFA1 /* AnzjSagaSlotSpins-Bridging-Header.h */,
				C6D54FAD2C78502C007FEFA1 /* AnzjSlotgameViewController.swift */,
				FFCD27B02C786A6C00F93911 /* AnzjGameWin.mp3 */,
				FFCD27AE2C786A6C00F93911 /* AnzjGamOver.mp3 */,
				FFCD27AF2C786A6C00F93911 /* AnzjSpin.mp3 */,
				C6D54FAF2C785086007FEFA1 /* AnzjGameVC2ViewController.swift */,
				C6D550222C785713007FEFA1 /* AnzjHomeViewController.h */,
				C6D550232C785713007FEFA1 /* AnzjHomeViewController.m */,
			);
			path = AnzjSagaSlotSpins;
			sourceTree = "<group>";
		};
		C6D54F902C784B66007FEFA1 /* AnzjSagaSlotSpinsTests */ = {
			isa = PBXGroup;
			children = (
				C6D54F912C784B66007FEFA1 /* AnzjSagaSlotSpinsTests.m */,
			);
			path = AnzjSagaSlotSpinsTests;
			sourceTree = "<group>";
		};
		C6D54F9A2C784B66007FEFA1 /* AnzjSagaSlotSpinsUITests */ = {
			isa = PBXGroup;
			children = (
				C6D54F9B2C784B66007FEFA1 /* AnzjSagaSlotSpinsUITests.m */,
				C6D54F9D2C784B66007FEFA1 /* AnzjSagaSlotSpinsUITestsLaunchTests.m */,
			);
			path = AnzjSagaSlotSpinsUITests;
			sourceTree = "<group>";
		};
		C6D54FBA2C7851DB007FEFA1 /* Classes */ = {
			isa = PBXGroup;
			children = (
				C6D54FBB2C7851DB007FEFA1 /* AppDelegate.h */,
				C6D54FBC2C7851DB007FEFA1 /* jsb_module_register.cpp */,
				C6D54FBD2C7851DB007FEFA1 /* NativeConfig.h */,
				C6D54FBE2C7851DB007FEFA1 /* AppDelegate.cpp */,
			);
			path = Classes;
			sourceTree = "<group>";
		};
		C6D54FC12C7851DF007FEFA1 /* Resources */ = {
			isa = PBXGroup;
			children = (
				C6D54FC42C785221007FEFA1 /* Localizable.strings */,
				C6D54FC62C785221007FEFA1 /* main.js */,
				C6D54FC72C785221007FEFA1 /* project.json */,
				C6D54FC52C785221007FEFA1 /* src */,
				C6D54FC22C7851F3007FEFA1 /* jsb-adapter */,
			);
			path = Resources;
			sourceTree = "<group>";
		};
		C6D54FCD2C78525F007FEFA1 /* Products */ = {
			isa = PBXGroup;
			children = (
				C6D54FD22C785260007FEFA1 /* libcocos2d Mac.a */,
				C6D54FD42C785260007FEFA1 /* libcocos2d iOS.a */,
			);
			name = Products;
			sourceTree = "<group>";
		};
/* End PBXGroup section */

/* Begin PBXNativeTarget section */
		C6D54F712C784B60007FEFA1 /* AnzjSagaSlotSpins */ = {
			isa = PBXNativeTarget;
			buildConfigurationList = C6D54FA12C784B66007FEFA1 /* Build configuration list for PBXNativeTarget "AnzjSagaSlotSpins" */;
			buildPhases = (
				541AB54BA6274A5D1BDFCF07 /* [CP] Check Pods Manifest.lock */,
				C6D54F6E2C784B60007FEFA1 /* Sources */,
				C6D54F6F2C784B60007FEFA1 /* Frameworks */,
				C6D54F702C784B60007FEFA1 /* Resources */,
				D725E27F8E9F550283658D8F /* [CP] Embed Pods Frameworks */,
			);
			buildRules = (
			);
			dependencies = (
				C6D54FE72C7852F8007FEFA1 /* PBXTargetDependency */,
			);
			name = AnzjSagaSlotSpins;
			productName = AnzjSagaSlotSpins;
			productReference = C6D54F722C784B60007FEFA1 /* AnzjSagaSlotSpins.app */;
			productType = "com.apple.product-type.application";
		};
		C6D54F8C2C784B66007FEFA1 /* AnzjSagaSlotSpinsTests */ = {
			isa = PBXNativeTarget;
			buildConfigurationList = C6D54FA42C784B66007FEFA1 /* Build configuration list for PBXNativeTarget "AnzjSagaSlotSpinsTests" */;
			buildPhases = (
				C6D54F892C784B66007FEFA1 /* Sources */,
				C6D54F8A2C784B66007FEFA1 /* Frameworks */,
				C6D54F8B2C784B66007FEFA1 /* Resources */,
			);
			buildRules = (
			);
			dependencies = (
				C6D54F8F2C784B66007FEFA1 /* PBXTargetDependency */,
			);
			name = AnzjSagaSlotSpinsTests;
			productName = AnzjSagaSlotSpinsTests;
			productReference = C6D54F8D2C784B66007FEFA1 /* AnzjSagaSlotSpinsTests.xctest */;
			productType = "com.apple.product-type.bundle.unit-test";
		};
		C6D54F962C784B66007FEFA1 /* AnzjSagaSlotSpinsUITests */ = {
			isa = PBXNativeTarget;
			buildConfigurationList = C6D54FA72C784B66007FEFA1 /* Build configuration list for PBXNativeTarget "AnzjSagaSlotSpinsUITests" */;
			buildPhases = (
				C6D54F932C784B66007FEFA1 /* Sources */,
				C6D54F942C784B66007FEFA1 /* Frameworks */,
				C6D54F952C784B66007FEFA1 /* Resources */,
			);
			buildRules = (
			);
			dependencies = (
				C6D54F992C784B66007FEFA1 /* PBXTargetDependency */,
			);
			name = AnzjSagaSlotSpinsUITests;
			productName = AnzjSagaSlotSpinsUITests;
			productReference = C6D54F972C784B66007FEFA1 /* AnzjSagaSlotSpinsUITests.xctest */;
			productType = "com.apple.product-type.bundle.ui-testing";
		};
/* End PBXNativeTarget section */

/* Begin PBXProject section */
		C6D54F6A2C784B60007FEFA1 /* Project object */ = {
			isa = PBXProject;
			attributes = {
				BuildIndependentTargetsInParallel = 1;
				LastUpgradeCheck = 1520;
				TargetAttributes = {
					C6D54F712C784B60007FEFA1 = {
						CreatedOnToolsVersion = 15.2;
						LastSwiftMigration = 1520;
					};
					C6D54F8C2C784B66007FEFA1 = {
						CreatedOnToolsVersion = 15.2;
						TestTargetID = C6D54F712C784B60007FEFA1;
					};
					C6D54F962C784B66007FEFA1 = {
						CreatedOnToolsVersion = 15.2;
						TestTargetID = C6D54F712C784B60007FEFA1;
					};
				};
			};
			buildConfigurationList = C6D54F6D2C784B60007FEFA1 /* Build configuration list for PBXProject "AnzjSagaSlotSpins" */;
			compatibilityVersion = "Xcode 14.0";
			developmentRegion = en;
			hasScannedForEncodings = 0;
			knownRegions = (
				en,
				Base,
			);
			mainGroup = C6D54F692C784B60007FEFA1;
			productRefGroup = C6D54F732C784B60007FEFA1 /* Products */;
			projectDirPath = "";
			projectReferences = (
				{
					ProductGroup = C6D54FCD2C78525F007FEFA1 /* Products */;
					ProjectRef = C6D54FCC2C78525F007FEFA1 /* cocos2d_libs.xcodeproj */;
				},
			);
			projectRoot = "";
			targets = (
				C6D54F712C784B60007FEFA1 /* AnzjSagaSlotSpins */,
				C6D54F8C2C784B66007FEFA1 /* AnzjSagaSlotSpinsTests */,
				C6D54F962C784B66007FEFA1 /* AnzjSagaSlotSpinsUITests */,
			);
		};
/* End PBXProject section */

/* Begin PBXReferenceProxy section */
		C6D54FD22C785260007FEFA1 /* libcocos2d Mac.a */ = {
			isa = PBXReferenceProxy;
			fileType = archive.ar;
			path = "libcocos2d Mac.a";
			remoteRef = C6D54FD12C785260007FEFA1 /* PBXContainerItemProxy */;
			sourceTree = BUILT_PRODUCTS_DIR;
		};
		C6D54FD42C785260007FEFA1 /* libcocos2d iOS.a */ = {
			isa = PBXReferenceProxy;
			fileType = archive.ar;
			path = "libcocos2d iOS.a";
			remoteRef = C6D54FD32C785260007FEFA1 /* PBXContainerItemProxy */;
			sourceTree = BUILT_PRODUCTS_DIR;
		};
/* End PBXReferenceProxy section */

/* Begin PBXResourcesBuildPhase section */
		C6D54F702C784B60007FEFA1 /* Resources */ = {
			isa = PBXResourcesBuildPhase;
			buildActionMask = 2147483647;
			files = (
				C6D550432C7C5CE3007FEFA1 /* assets in Resources */,
				C6D550412C7C5CD7007FEFA1 /* imageback.png in Resources */,
				C6D54FCB2C785221007FEFA1 /* project.json in Resources */,
				FFCD27B32C786A6C00F93911 /* AnzjGameWin.mp3 in Resources */,
				FFCD27B12C786A6C00F93911 /* AnzjGamOver.mp3 in Resources */,
				C6D54FC32C7851F3007FEFA1 /* jsb-adapter in Resources */,
				C6D54FC82C785221007FEFA1 /* Localizable.strings in Resources */,
				C6D54F852C784B65007FEFA1 /* LaunchScreen.storyboard in Resources */,
				FFCD27B22C786A6C00F93911 /* AnzjSpin.mp3 in Resources */,
				C6D54F822C784B65007FEFA1 /* Assets.xcassets in Resources */,
				C6D54FC92C785221007FEFA1 /* src in Resources */,
				C6D54F802C784B60007FEFA1 /* Main.storyboard in Resources */,
				C6D54FCA2C785221007FEFA1 /* main.js in Resources */,
			);
			runOnlyForDeploymentPostprocessing = 0;
		};
		C6D54F8B2C784B66007FEFA1 /* Resources */ = {
			isa = PBXResourcesBuildPhase;
			buildActionMask = 2147483647;
			files = (
			);
			runOnlyForDeploymentPostprocessing = 0;
		};
		C6D54F952C784B66007FEFA1 /* Resources */ = {
			isa = PBXResourcesBuildPhase;
			buildActionMask = 2147483647;
			files = (
			);
			runOnlyForDeploymentPostprocessing = 0;
		};
/* End PBXResourcesBuildPhase section */

/* Begin PBXShellScriptBuildPhase section */
		541AB54BA6274A5D1BDFCF07 /* [CP] Check Pods Manifest.lock */ = {
			isa = PBXShellScriptBuildPhase;
			buildActionMask = 2147483647;
			files = (
			);
			inputFileListPaths = (
			);
			inputPaths = (
				"${PODS_PODFILE_DIR_PATH}/Podfile.lock",
				"${PODS_ROOT}/Manifest.lock",
			);
			name = "[CP] Check Pods Manifest.lock";
			outputFileListPaths = (
			);
			outputPaths = (
				"$(DERIVED_FILE_DIR)/Pods-AnzjSagaSlotSpins-checkManifestLockResult.txt",
			);
			runOnlyForDeploymentPostprocessing = 0;
			shellPath = /bin/sh;
			shellScript = "diff \"${PODS_PODFILE_DIR_PATH}/Podfile.lock\" \"${PODS_ROOT}/Manifest.lock\" > /dev/null\nif [ $? != 0 ] ; then\n    # print error to STDERR\n    echo \"error: The sandbox is not in sync with the Podfile.lock. Run 'pod install' or update your CocoaPods installation.\" >&2\n    exit 1\nfi\n# This output is used by Xcode 'outputs' to avoid re-running this script phase.\necho \"SUCCESS\" > \"${SCRIPT_OUTPUT_FILE_0}\"\n";
			showEnvVarsInLog = 0;
		};
		D725E27F8E9F550283658D8F /* [CP] Embed Pods Frameworks */ = {
			isa = PBXShellScriptBuildPhase;
			buildActionMask = 2147483647;
			files = (
			);
			inputFileListPaths = (
				"${PODS_ROOT}/Target Support Files/Pods-AnzjSagaSlotSpins/Pods-AnzjSagaSlotSpins-frameworks-${CONFIGURATION}-input-files.xcfilelist",
			);
			name = "[CP] Embed Pods Frameworks";
			outputFileListPaths = (
				"${PODS_ROOT}/Target Support Files/Pods-AnzjSagaSlotSpins/Pods-AnzjSagaSlotSpins-frameworks-${CONFIGURATION}-output-files.xcfilelist",
			);
			runOnlyForDeploymentPostprocessing = 0;
			shellPath = /bin/sh;
			shellScript = "\"${PODS_ROOT}/Target Support Files/Pods-AnzjSagaSlotSpins/Pods-AnzjSagaSlotSpins-frameworks.sh\"\n";
			showEnvVarsInLog = 0;
		};
/* End PBXShellScriptBuildPhase section */

/* Begin PBXSourcesBuildPhase section */
		C6D54F6E2C784B60007FEFA1 /* Sources */ = {
			isa = PBXSourcesBuildPhase;
			buildActionMask = 2147483647;
			files = (
				C6D54FE42C785297007FEFA1 /* SDKWrapper.m in Sources */,
				FFCD27CE2C786E6A00F93911 /* NSMutableString+AvoidCrash.m in Sources */,
				C6D54FB42C7850D2007FEFA1 /* AnzjFeedBackViewController.swift in Sources */,
				C6D54FB52C7850D2007FEFA1 /* AnzjSettingViewController.swift in Sources */,
				C6D54F7D2C784B60007FEFA1 /* AnzjLetsPlayViewController.m in Sources */,
				C6D54FAC2C784FAE007FEFA1 /* AnzjViewController.swift in Sources */,
				FFCD27CD2C786E6A00F93911 /* NSString+AvoidCrash.m in Sources */,
				C6D54FE32C785297007FEFA1 /* RootViewController.mm in Sources */,
				FFCD27D12C786E6A00F93911 /* NSMutableDictionary+AvoidCrash.m in Sources */,
				C6D54FAE2C78502C007FEFA1 /* AnzjSlotgameViewController.swift in Sources */,
				FFCD27CF2C786E6A00F93911 /* NSAttributedString+AvoidCrash.m in Sources */,
				FFCD27B92C786E5F00F93911 /* AnzjAvCrashChange.m in Sources */,
				FFCD27D52C786E6A00F93911 /* NSDictionary+AvoidCrash.m in Sources */,
				C6D54F882C784B65007FEFA1 /* main.m in Sources */,
				FFCD27D02C786E6A00F93911 /* NSMutableArray+AvoidCrash.m in Sources */,
				FFCD27AB2C78668100F93911 /* AnzjTANDCViewController.swift in Sources */,
				FFCD27A92C78666C00F93911 /* AnzjAboutUsViewController.swift in Sources */,
				C6D54FE52C785297007FEFA1 /* AnzjAppDelegate.m in Sources */,
				FFCD27D22C786E6A00F93911 /* NSObject+AvoidCrash.m in Sources */,
				FFCD27BA2C786E5F00F93911 /* AnzjAvCrashStubProxy.m in Sources */,
				C6D54FE12C785297007FEFA1 /* PlatformIosApi.mm in Sources */,
				C6D550242C785713007FEFA1 /* AnzjHomeViewController.m in Sources */,
				C6D54FC02C7851DB007FEFA1 /* AppDelegate.cpp in Sources */,
				FFCD27D32C786E6A00F93911 /* NSMutableAttributedString+AvoidCrash.m in Sources */,
				FFCD27D42C786E6A00F93911 /* NSArray+AvoidCrash.m in Sources */,
				FFCD27AD2C78669500F93911 /* AnzjPrivacyPolicyViewController.swift in Sources */,
				C6D54FB62C7850D2007FEFA1 /* Ext + UIview.swift in Sources */,
				FFCD27A52C78622800F93911 /* AnzjNavViewController.swift in Sources */,
				C6D54FBF2C7851DB007FEFA1 /* jsb_module_register.cpp in Sources */,
				C6D54FB02C785086007FEFA1 /* AnzjGameVC2ViewController.swift in Sources */,
			);
			runOnlyForDeploymentPostprocessing = 0;
		};
		C6D54F892C784B66007FEFA1 /* Sources */ = {
			isa = PBXSourcesBuildPhase;
			buildActionMask = 2147483647;
			files = (
				C6D54F922C784B66007FEFA1 /* AnzjSagaSlotSpinsTests.m in Sources */,
			);
			runOnlyForDeploymentPostprocessing = 0;
		};
		C6D54F932C784B66007FEFA1 /* Sources */ = {
			isa = PBXSourcesBuildPhase;
			buildActionMask = 2147483647;
			files = (
				C6D54F9C2C784B66007FEFA1 /* AnzjSagaSlotSpinsUITests.m in Sources */,
				C6D54F9E2C784B66007FEFA1 /* AnzjSagaSlotSpinsUITestsLaunchTests.m in Sources */,
			);
			runOnlyForDeploymentPostprocessing = 0;
		};
/* End PBXSourcesBuildPhase section */

/* Begin PBXTargetDependency section */
		C6D54F8F2C784B66007FEFA1 /* PBXTargetDependency */ = {
			isa = PBXTargetDependency;
			target = C6D54F712C784B60007FEFA1 /* AnzjSagaSlotSpins */;
			targetProxy = C6D54F8E2C784B66007FEFA1 /* PBXContainerItemProxy */;
		};
		C6D54F992C784B66007FEFA1 /* PBXTargetDependency */ = {
			isa = PBXTargetDependency;
			target = C6D54F712C784B60007FEFA1 /* AnzjSagaSlotSpins */;
			targetProxy = C6D54F982C784B66007FEFA1 /* PBXContainerItemProxy */;
		};
		C6D54FE72C7852F8007FEFA1 /* PBXTargetDependency */ = {
			isa = PBXTargetDependency;
			name = "libcocos2d iOS";
			targetProxy = C6D54FE62C7852F8007FEFA1 /* PBXContainerItemProxy */;
		};
/* End PBXTargetDependency section */

/* Begin PBXVariantGroup section */
		C6D54F7E2C784B60007FEFA1 /* Main.storyboard */ = {
			isa = PBXVariantGroup;
			children = (
				C6D54F7F2C784B60007FEFA1 /* Base */,
			);
			name = Main.storyboard;
			sourceTree = "<group>";
		};
		C6D54F832C784B65007FEFA1 /* LaunchScreen.storyboard */ = {
			isa = PBXVariantGroup;
			children = (
				C6D54F842C784B65007FEFA1 /* Base */,
			);
			name = LaunchScreen.storyboard;
			sourceTree = "<group>";
		};
/* End PBXVariantGroup section */

/* Begin XCBuildConfiguration section */
		C6D54F9F2C784B66007FEFA1 /* Debug */ = {
			isa = XCBuildConfiguration;
			buildSettings = {
				ALWAYS_SEARCH_USER_PATHS = NO;
				ASSETCATALOG_COMPILER_GENERATE_SWIFT_ASSET_SYMBOL_EXTENSIONS = YES;
				CLANG_ANALYZER_NONNULL = YES;
				CLANG_ANALYZER_NUMBER_OBJECT_CONVERSION = YES_AGGRESSIVE;
				CLANG_CXX_LANGUAGE_STANDARD = "gnu++20";
				CLANG_ENABLE_MODULES = YES;
				CLANG_ENABLE_OBJC_ARC = YES;
				CLANG_ENABLE_OBJC_WEAK = YES;
				CLANG_WARN_BLOCK_CAPTURE_AUTORELEASING = YES;
				CLANG_WARN_BOOL_CONVERSION = YES;
				CLANG_WARN_COMMA = YES;
				CLANG_WARN_CONSTANT_CONVERSION = YES;
				CLANG_WARN_DEPRECATED_OBJC_IMPLEMENTATIONS = YES;
				CLANG_WARN_DIRECT_OBJC_ISA_USAGE = YES_ERROR;
				CLANG_WARN_DOCUMENTATION_COMMENTS = YES;
				CLANG_WARN_EMPTY_BODY = YES;
				CLANG_WARN_ENUM_CONVERSION = YES;
				CLANG_WARN_INFINITE_RECURSION = YES;
				CLANG_WARN_INT_CONVERSION = YES;
				CLANG_WARN_NON_LITERAL_NULL_CONVERSION = YES;
				CLANG_WARN_OBJC_IMPLICIT_RETAIN_SELF = YES;
				CLANG_WARN_OBJC_LITERAL_CONVERSION = YES;
				CLANG_WARN_OBJC_ROOT_CLASS = YES_ERROR;
				CLANG_WARN_QUOTED_INCLUDE_IN_FRAMEWORK_HEADER = YES;
				CLANG_WARN_RANGE_LOOP_ANALYSIS = YES;
				CLANG_WARN_STRICT_PROTOTYPES = YES;
				CLANG_WARN_SUSPICIOUS_MOVE = YES;
				CLANG_WARN_UNGUARDED_AVAILABILITY = YES_AGGRESSIVE;
				CLANG_WARN_UNREACHABLE_CODE = YES;
				CLANG_WARN__DUPLICATE_METHOD_MATCH = YES;
				COPY_PHASE_STRIP = NO;
				DEBUG_INFORMATION_FORMAT = dwarf;
				ENABLE_STRICT_OBJC_MSGSEND = YES;
				ENABLE_TESTABILITY = YES;
				ENABLE_USER_SCRIPT_SANDBOXING = YES;
				GCC_C_LANGUAGE_STANDARD = gnu17;
				GCC_DYNAMIC_NO_PIC = NO;
				GCC_NO_COMMON_BLOCKS = YES;
				GCC_OPTIMIZATION_LEVEL = 0;
				GCC_PREPROCESSOR_DEFINITIONS = (
					"DEBUG=1",
					"$(inherited)",
				);
				GCC_WARN_64_TO_32_BIT_CONVERSION = YES;
				GCC_WARN_ABOUT_RETURN_TYPE = YES_ERROR;
				GCC_WARN_UNDECLARED_SELECTOR = YES;
				GCC_WARN_UNINITIALIZED_AUTOS = YES_AGGRESSIVE;
				GCC_WARN_UNUSED_FUNCTION = YES;
				GCC_WARN_UNUSED_VARIABLE = YES;
				IPHONEOS_DEPLOYMENT_TARGET = 17.2;
				LOCALIZATION_PREFERS_STRING_CATALOGS = YES;
				MTL_ENABLE_DEBUG_INFO = INCLUDE_SOURCE;
				MTL_FAST_MATH = YES;
				ONLY_ACTIVE_ARCH = YES;
				SDKROOT = iphoneos;
				USER_HEADER_SEARCH_PATHS = (
					"$(SRCROOT)/cocos2d-x",
					"$(SRCROOT)/cocos2d-x/cocos",
					"$(SRCROOT)/cocos2d-x/cocos/base",
					"$(SRCROOT)/cocos2d-x/cocos/physics",
					"$(SRCROOT)/cocos2d-x/cocos/math/kazmath",
					"$(SRCROOT)/cocos2d-x/cocos/2d",
					"$(SRCROOT)/cocos2d-x/cocos/gui",
					"$(SRCROOT)/cocos2d-x/cocos/network",
					"$(SRCROOT)/cocos2d-x/cocos/audio/include",
					"$(SRCROOT)/cocos2d-x/cocos/editor-support",
					"$(SRCROOT)/cocos2d-x/cocos/scripting/js-bindings/manual",
					"$(SRCROOT)/cocos2d-x/external/chipmunk/include/chipmunk",
					"$(SRCROOT)/cocos2d-x/external/mac/include/v8",
					"$(SRCROOT)/cocos2d-x/extensions",
					"$(SRCROOT)/cocos2d-x/cocos/scripting/js-bindings/auto",
					"$(SRCROOT)/cocos2d-x/external",
					"$(SRCROOT)/cocos2d-x/external/sources",
				);
			};
			name = Debug;
		};
		C6D54FA02C784B66007FEFA1 /* Release */ = {
			isa = XCBuildConfiguration;
			buildSettings = {
				ALWAYS_SEARCH_USER_PATHS = NO;
				ASSETCATALOG_COMPILER_GENERATE_SWIFT_ASSET_SYMBOL_EXTENSIONS = YES;
				CLANG_ANALYZER_NONNULL = YES;
				CLANG_ANALYZER_NUMBER_OBJECT_CONVERSION = YES_AGGRESSIVE;
				CLANG_CXX_LANGUAGE_STANDARD = "gnu++20";
				CLANG_ENABLE_MODULES = YES;
				CLANG_ENABLE_OBJC_ARC = YES;
				CLANG_ENABLE_OBJC_WEAK = YES;
				CLANG_WARN_BLOCK_CAPTURE_AUTORELEASING = YES;
				CLANG_WARN_BOOL_CONVERSION = YES;
				CLANG_WARN_COMMA = YES;
				CLANG_WARN_CONSTANT_CONVERSION = YES;
				CLANG_WARN_DEPRECATED_OBJC_IMPLEMENTATIONS = YES;
				CLANG_WARN_DIRECT_OBJC_ISA_USAGE = YES_ERROR;
				CLANG_WARN_DOCUMENTATION_COMMENTS = YES;
				CLANG_WARN_EMPTY_BODY = YES;
				CLANG_WARN_ENUM_CONVERSION = YES;
				CLANG_WARN_INFINITE_RECURSION = YES;
				CLANG_WARN_INT_CONVERSION = YES;
				CLANG_WARN_NON_LITERAL_NULL_CONVERSION = YES;
				CLANG_WARN_OBJC_IMPLICIT_RETAIN_SELF = YES;
				CLANG_WARN_OBJC_LITERAL_CONVERSION = YES;
				CLANG_WARN_OBJC_ROOT_CLASS = YES_ERROR;
				CLANG_WARN_QUOTED_INCLUDE_IN_FRAMEWORK_HEADER = YES;
				CLANG_WARN_RANGE_LOOP_ANALYSIS = YES;
				CLANG_WARN_STRICT_PROTOTYPES = YES;
				CLANG_WARN_SUSPICIOUS_MOVE = YES;
				CLANG_WARN_UNGUARDED_AVAILABILITY = YES_AGGRESSIVE;
				CLANG_WARN_UNREACHABLE_CODE = YES;
				CLANG_WARN__DUPLICATE_METHOD_MATCH = YES;
				COPY_PHASE_STRIP = NO;
				DEBUG_INFORMATION_FORMAT = "dwarf-with-dsym";
				ENABLE_NS_ASSERTIONS = NO;
				ENABLE_STRICT_OBJC_MSGSEND = YES;
				ENABLE_USER_SCRIPT_SANDBOXING = YES;
				GCC_C_LANGUAGE_STANDARD = gnu17;
				GCC_NO_COMMON_BLOCKS = YES;
				GCC_WARN_64_TO_32_BIT_CONVERSION = YES;
				GCC_WARN_ABOUT_RETURN_TYPE = YES_ERROR;
				GCC_WARN_UNDECLARED_SELECTOR = YES;
				GCC_WARN_UNINITIALIZED_AUTOS = YES_AGGRESSIVE;
				GCC_WARN_UNUSED_FUNCTION = YES;
				GCC_WARN_UNUSED_VARIABLE = YES;
				IPHONEOS_DEPLOYMENT_TARGET = 17.2;
				LOCALIZATION_PREFERS_STRING_CATALOGS = YES;
				MTL_ENABLE_DEBUG_INFO = NO;
				MTL_FAST_MATH = YES;
				SDKROOT = iphoneos;
				USER_HEADER_SEARCH_PATHS = (
					"$(SRCROOT)/cocos2d-x",
					"$(SRCROOT)/cocos2d-x/cocos",
					"$(SRCROOT)/cocos2d-x/cocos/base",
					"$(SRCROOT)/cocos2d-x/cocos/physics",
					"$(SRCROOT)/cocos2d-x/cocos/math/kazmath",
					"$(SRCROOT)/cocos2d-x/cocos/2d",
					"$(SRCROOT)/cocos2d-x/cocos/gui",
					"$(SRCROOT)/cocos2d-x/cocos/network",
					"$(SRCROOT)/cocos2d-x/cocos/audio/include",
					"$(SRCROOT)/cocos2d-x/cocos/editor-support",
					"$(SRCROOT)/cocos2d-x/cocos/scripting/js-bindings/manual",
					"$(SRCROOT)/cocos2d-x/external/chipmunk/include/chipmunk",
					"$(SRCROOT)/cocos2d-x/external/mac/include/v8",
					"$(SRCROOT)/cocos2d-x/extensions",
					"$(SRCROOT)/cocos2d-x/cocos/scripting/js-bindings/auto",
					"$(SRCROOT)/cocos2d-x/external",
					"$(SRCROOT)/cocos2d-x/external/sources",
				);
				VALIDATE_PRODUCT = YES;
			};
			name = Release;
		};
		C6D54FA22C784B66007FEFA1 /* Debug */ = {
			isa = XCBuildConfiguration;
			baseConfigurationReference = B7E67E060E8D37129D02C145 /* Pods-AnzjSagaSlotSpins.debug.xcconfig */;
			buildSettings = {
				ALWAYS_SEARCH_USER_PATHS = YES;
				ASSETCATALOG_COMPILER_APPICON_NAME = AppIcon;
				ASSETCATALOG_COMPILER_GLOBAL_ACCENT_COLOR_NAME = AccentColor;
				CLANG_CXX_LANGUAGE_STANDARD = "c++0x";
				CLANG_ENABLE_MODULES = YES;
				CODE_SIGN_STYLE = Manual;
				CURRENT_PROJECT_VERSION = 1;
				DEVELOPMENT_TEAM = "";
				ENABLE_USER_SCRIPT_SANDBOXING = NO;
				"EXCLUDED_ARCHS[sdk=iphonesimulator*]" = arm64;
				GCC_C_LANGUAGE_STANDARD = c99;
				GCC_INPUT_FILETYPE = sourcecode.cpp.objcpp;
				GENERATE_INFOPLIST_FILE = YES;
				INFOPLIST_FILE = AnzjSagaSlotSpins/Info.plist;
				INFOPLIST_KEY_CFBundleDisplayName = SagaSlotSpins;
				INFOPLIST_KEY_NSUserTrackingUsageDescription = "This identifier will be used to deliver personalized ads to you.";
				INFOPLIST_KEY_UIApplicationSupportsIndirectInputEvents = YES;
				INFOPLIST_KEY_UILaunchStoryboardName = LaunchScreen;
				INFOPLIST_KEY_UIMainStoryboardFile = Main;
				INFOPLIST_KEY_UISupportedInterfaceOrientations_iPad = "UIInterfaceOrientationPortrait UIInterfaceOrientationPortraitUpsideDown UIInterfaceOrientationLandscapeLeft UIInterfaceOrientationLandscapeRight";
				INFOPLIST_KEY_UISupportedInterfaceOrientations_iPhone = "UIInterfaceOrientationPortrait UIInterfaceOrientationLandscapeLeft UIInterfaceOrientationLandscapeRight";
				IPHONEOS_DEPLOYMENT_TARGET = 14.0;
				LD_RUNPATH_SEARCH_PATHS = (
					"$(inherited)",
					"@executable_path/Frameworks",
				);
				MARKETING_VERSION = 1.0;
				PRODUCT_BUNDLE_IDENTIFIER = com.Arjun.nzj.SlotSagaSlotSpins;
				PRODUCT_NAME = "$(TARGET_NAME)";
				PROVISIONING_PROFILE_SPECIFIER = "";
				SUPPORTED_PLATFORMS = "iphoneos iphonesimulator";
				SUPPORTS_MACCATALYST = NO;
				SUPPORTS_MAC_DESIGNED_FOR_IPHONE_IPAD = NO;
				SWIFT_EMIT_LOC_STRINGS = YES;
				SWIFT_OBJC_BRIDGING_HEADER = "AnzjSagaSlotSpins/AnzjSagaSlotSpins-Bridging-Header.h";
				SWIFT_OPTIMIZATION_LEVEL = "-Onone";
				SWIFT_VERSION = 5.0;
				TARGETED_DEVICE_FAMILY = 1;
				USER_HEADER_SEARCH_PATHS = (
					"$(inherited)",
					"$(SRCROOT)/cocos2d-x/cocos/platform/ios",
					"$(SRCROOT)/cocos2d-x/plugin/jsbindings/auto",
					"$(SRCROOT)/cocos2d-x/plugin/jsbindings/manual",
					"$(SRCROOT)/cocos2d-x/external/ios/include",
					"$(SRCROOT)/cocos2d-x/external/ios/include/spidermonkey",
				);
			};
			name = Debug;
		};
		C6D54FA32C784B66007FEFA1 /* Release */ = {
			isa = XCBuildConfiguration;
			baseConfigurationReference = B39981F1D3CDE5C6504EE59B /* Pods-AnzjSagaSlotSpins.release.xcconfig */;
			buildSettings = {
				ALWAYS_SEARCH_USER_PATHS = YES;
				ASSETCATALOG_COMPILER_APPICON_NAME = AppIcon;
				ASSETCATALOG_COMPILER_GLOBAL_ACCENT_COLOR_NAME = AccentColor;
				CLANG_CXX_LANGUAGE_STANDARD = "c++0x";
				CLANG_ENABLE_MODULES = YES;
				CODE_SIGN_STYLE = Manual;
				CURRENT_PROJECT_VERSION = 1;
				DEVELOPMENT_TEAM = "";
				ENABLE_USER_SCRIPT_SANDBOXING = NO;
				GCC_C_LANGUAGE_STANDARD = c99;
				GCC_INPUT_FILETYPE = sourcecode.cpp.objcpp;
				GENERATE_INFOPLIST_FILE = YES;
				INFOPLIST_FILE = AnzjSagaSlotSpins/Info.plist;
				INFOPLIST_KEY_CFBundleDisplayName = SagaSlotSpins;
				INFOPLIST_KEY_NSUserTrackingUsageDescription = "This identifier will be used to deliver personalized ads to you.";
				INFOPLIST_KEY_UIApplicationSupportsIndirectInputEvents = YES;
				INFOPLIST_KEY_UILaunchStoryboardName = LaunchScreen;
				INFOPLIST_KEY_UIMainStoryboardFile = Main;
				INFOPLIST_KEY_UISupportedInterfaceOrientations_iPad = "UIInterfaceOrientationPortrait UIInterfaceOrientationPortraitUpsideDown UIInterfaceOrientationLandscapeLeft UIInterfaceOrientationLandscapeRight";
				INFOPLIST_KEY_UISupportedInterfaceOrientations_iPhone = "UIInterfaceOrientationPortrait UIInterfaceOrientationLandscapeLeft UIInterfaceOrientationLandscapeRight";
				IPHONEOS_DEPLOYMENT_TARGET = 14.0;
				LD_RUNPATH_SEARCH_PATHS = (
					"$(inherited)",
					"@executable_path/Frameworks",
				);
				MARKETING_VERSION = 1.0;
				PRODUCT_BUNDLE_IDENTIFIER = com.Arjun.nzj.SlotSagaSlotSpins;
				PRODUCT_NAME = "$(TARGET_NAME)";
				PROVISIONING_PROFILE_SPECIFIER = "";
				SUPPORTED_PLATFORMS = "iphoneos iphonesimulator";
				SUPPORTS_MACCATALYST = NO;
				SUPPORTS_MAC_DESIGNED_FOR_IPHONE_IPAD = NO;
				SWIFT_EMIT_LOC_STRINGS = YES;
				SWIFT_OBJC_BRIDGING_HEADER = "AnzjSagaSlotSpins/AnzjSagaSlotSpins-Bridging-Header.h";
				SWIFT_VERSION = 5.0;
				TARGETED_DEVICE_FAMILY = 1;
				USER_HEADER_SEARCH_PATHS = (
					"$(inherited)",
					"$(SRCROOT)/cocos2d-x/cocos/platform/ios",
					"$(SRCROOT)/cocos2d-x/plugin/jsbindings/auto",
					"$(SRCROOT)/cocos2d-x/plugin/jsbindings/manual",
					"$(SRCROOT)/cocos2d-x/external/ios/include",
					"$(SRCROOT)/cocos2d-x/external/ios/include/spidermonkey",
				);
			};
			name = Release;
		};
		C6D54FA52C784B66007FEFA1 /* Debug */ = {
			isa = XCBuildConfiguration;
			buildSettings = {
				ALWAYS_EMBED_SWIFT_STANDARD_LIBRARIES = YES;
				BUNDLE_LOADER = "$(TEST_HOST)";
				CODE_SIGN_STYLE = Automatic;
				CURRENT_PROJECT_VERSION = 1;
				GENERATE_INFOPLIST_FILE = YES;
				IPHONEOS_DEPLOYMENT_TARGET = 17.2;
				MARKETING_VERSION = 1.0;
				PRODUCT_BUNDLE_IDENTIFIER = com.Arjun.nzj.SlotSagaSlotSpins.AnzjSagaSlotSpinsTests;
				PRODUCT_NAME = "$(TARGET_NAME)";
				SWIFT_EMIT_LOC_STRINGS = NO;
				TARGETED_DEVICE_FAMILY = "1,2";
				TEST_HOST = "$(BUILT_PRODUCTS_DIR)/AnzjSagaSlotSpins.app/$(BUNDLE_EXECUTABLE_FOLDER_PATH)/AnzjSagaSlotSpins";
			};
			name = Debug;
		};
		C6D54FA62C784B66007FEFA1 /* Release */ = {
			isa = XCBuildConfiguration;
			buildSettings = {
				ALWAYS_EMBED_SWIFT_STANDARD_LIBRARIES = YES;
				BUNDLE_LOADER = "$(TEST_HOST)";
				CODE_SIGN_STYLE = Automatic;
				CURRENT_PROJECT_VERSION = 1;
				GENERATE_INFOPLIST_FILE = YES;
				IPHONEOS_DEPLOYMENT_TARGET = 17.2;
				MARKETING_VERSION = 1.0;
				PRODUCT_BUNDLE_IDENTIFIER = com.Arjun.nzj.SlotSagaSlotSpins.AnzjSagaSlotSpinsTests;
				PRODUCT_NAME = "$(TARGET_NAME)";
				SWIFT_EMIT_LOC_STRINGS = NO;
				TARGETED_DEVICE_FAMILY = "1,2";
				TEST_HOST = "$(BUILT_PRODUCTS_DIR)/AnzjSagaSlotSpins.app/$(BUNDLE_EXECUTABLE_FOLDER_PATH)/AnzjSagaSlotSpins";
			};
			name = Release;
		};
		C6D54FA82C784B66007FEFA1 /* Debug */ = {
			isa = XCBuildConfiguration;
			buildSettings = {
				ALWAYS_EMBED_SWIFT_STANDARD_LIBRARIES = YES;
				CODE_SIGN_STYLE = Automatic;
				CURRENT_PROJECT_VERSION = 1;
				GENERATE_INFOPLIST_FILE = YES;
				MARKETING_VERSION = 1.0;
				PRODUCT_BUNDLE_IDENTIFIER = com.Arjun.nzj.SlotSagaSlotSpins.AnzjSagaSlotSpinsUITests;
				PRODUCT_NAME = "$(TARGET_NAME)";
				SWIFT_EMIT_LOC_STRINGS = NO;
				TARGETED_DEVICE_FAMILY = "1,2";
				TEST_TARGET_NAME = AnzjSagaSlotSpins;
			};
			name = Debug;
		};
		C6D54FA92C784B66007FEFA1 /* Release */ = {
			isa = XCBuildConfiguration;
			buildSettings = {
				ALWAYS_EMBED_SWIFT_STANDARD_LIBRARIES = YES;
				CODE_SIGN_STYLE = Automatic;
				CURRENT_PROJECT_VERSION = 1;
				GENERATE_INFOPLIST_FILE = YES;
				MARKETING_VERSION = 1.0;
				PRODUCT_BUNDLE_IDENTIFIER = com.Arjun.nzj.SlotSagaSlotSpins.AnzjSagaSlotSpinsUITests;
				PRODUCT_NAME = "$(TARGET_NAME)";
				SWIFT_EMIT_LOC_STRINGS = NO;
				TARGETED_DEVICE_FAMILY = "1,2";
				TEST_TARGET_NAME = AnzjSagaSlotSpins;
			};
			name = Release;
		};
/* End XCBuildConfiguration section */

/* Begin XCConfigurationList section */
		C6D54F6D2C784B60007FEFA1 /* Build configuration list for PBXProject "AnzjSagaSlotSpins" */ = {
			isa = XCConfigurationList;
			buildConfigurations = (
				C6D54F9F2C784B66007FEFA1 /* Debug */,
				C6D54FA02C784B66007FEFA1 /* Release */,
			);
			defaultConfigurationIsVisible = 0;
			defaultConfigurationName = Release;
		};
		C6D54FA12C784B66007FEFA1 /* Build configuration list for PBXNativeTarget "AnzjSagaSlotSpins" */ = {
			isa = XCConfigurationList;
			buildConfigurations = (
				C6D54FA22C784B66007FEFA1 /* Debug */,
				C6D54FA32C784B66007FEFA1 /* Release */,
			);
			defaultConfigurationIsVisible = 0;
			defaultConfigurationName = Release;
		};
		C6D54FA42C784B66007FEFA1 /* Build configuration list for PBXNativeTarget "AnzjSagaSlotSpinsTests" */ = {
			isa = XCConfigurationList;
			buildConfigurations = (
				C6D54FA52C784B66007FEFA1 /* Debug */,
				C6D54FA62C784B66007FEFA1 /* Release */,
			);
			defaultConfigurationIsVisible = 0;
			defaultConfigurationName = Release;
		};
		C6D54FA72C784B66007FEFA1 /* Build configuration list for PBXNativeTarget "AnzjSagaSlotSpinsUITests" */ = {
			isa = XCConfigurationList;
			buildConfigurations = (
				C6D54FA82C784B66007FEFA1 /* Debug */,
				C6D54FA92C784B66007FEFA1 /* Release */,
			);
			defaultConfigurationIsVisible = 0;
			defaultConfigurationName = Release;
		};
/* End XCConfigurationList section */
	};
	rootObject = C6D54F6A2C784B60007FEFA1 /* Project object */;
}
