// !$*UTF8*$!
{
	archiveVersion = 1;
	classes = {
	};
	objectVersion = 56;
	objects = {

/* Begin PBXBuildFile section */
		AC7943F3C3322E57B2E881C0 /* Pods_YoSlotsNo.framework in Frameworks */ = {isa = PBXBuildFile; fileRef = EAEDB95AF157C4BCC3AA8F67 /* Pods_YoSlotsNo.framework */; };
		C656F5832C6E05AC00A0A446 /* AdServices.framework in Frameworks */ = {isa = PBXBuildFile; fileRef = C656F5822C6E05AC00A0A446 /* AdServices.framework */; };
		C656F5852C6E05B300A0A446 /* AdSupport.framework in Frameworks */ = {isa = PBXBuildFile; fileRef = C656F5842C6E05B200A0A446 /* AdSupport.framework */; };
		C656F5872C6E05B900A0A446 /* AppTrackingTransparency.framework in Frameworks */ = {isa = PBXBuildFile; fileRef = C656F5862C6E05B800A0A446 /* AppTrackingTransparency.framework */; };
		C656F5892C6E05C200A0A446 /* AudioToolbox.framework in Frameworks */ = {isa = PBXBuildFile; fileRef = C656F5882C6E05C100A0A446 /* AudioToolbox.framework */; };
		C656F58B2C6E05C900A0A446 /* AVFoundation.framework in Frameworks */ = {isa = PBXBuildFile; fileRef = C656F58A2C6E05C900A0A446 /* AVFoundation.framework */; };
		C656F58D2C6E05D000A0A446 /* AVKit.framework in Frameworks */ = {isa = PBXBuildFile; fileRef = C656F58C2C6E05CF00A0A446 /* AVKit.framework */; };
		C656F58F2C6E05D700A0A446 /* CFNetwork.framework in Frameworks */ = {isa = PBXBuildFile; fileRef = C656F58E2C6E05D700A0A446 /* CFNetwork.framework */; };
		C656F5912C6E05E200A0A446 /* CoreFoundation.framework in Frameworks */ = {isa = PBXBuildFile; fileRef = C656F5902C6E05E200A0A446 /* CoreFoundation.framework */; };
		C656F5932C6E05EB00A0A446 /* CoreGraphics.framework in Frameworks */ = {isa = PBXBuildFile; fileRef = C656F5922C6E05EB00A0A446 /* CoreGraphics.framework */; };
		C656F5952C6E05F400A0A446 /* CoreMedia.framework in Frameworks */ = {isa = PBXBuildFile; fileRef = C656F5942C6E05F400A0A446 /* CoreMedia.framework */; };
		C656F5972C6E05FB00A0A446 /* CoreMotion.framework in Frameworks */ = {isa = PBXBuildFile; fileRef = C656F5962C6E05FB00A0A446 /* CoreMotion.framework */; };
		C656F5992C6E060200A0A446 /* CoreText.framework in Frameworks */ = {isa = PBXBuildFile; fileRef = C656F5982C6E060200A0A446 /* CoreText.framework */; };
		C656F59B2C6E060A00A0A446 /* Foundation.framework in Frameworks */ = {isa = PBXBuildFile; fileRef = C656F59A2C6E060A00A0A446 /* Foundation.framework */; };
		C656F59D2C6E061000A0A446 /* GameController.framework in Frameworks */ = {isa = PBXBuildFile; fileRef = C656F59C2C6E060F00A0A446 /* GameController.framework */; };
		C656F59F2C6E061600A0A446 /* JavaScriptCore.framework in Frameworks */ = {isa = PBXBuildFile; fileRef = C656F59E2C6E061600A0A446 /* JavaScriptCore.framework */; };
		C656F5A12C6E062200A0A446 /* MobileCoreServices.framework in Frameworks */ = {isa = PBXBuildFile; fileRef = C656F5A02C6E062200A0A446 /* MobileCoreServices.framework */; };
		C656F5A32C6E062700A0A446 /* OpenAL.framework in Frameworks */ = {isa = PBXBuildFile; fileRef = C656F5A22C6E062700A0A446 /* OpenAL.framework */; };
		C656F5A52C6E062E00A0A446 /* OpenGLES.framework in Frameworks */ = {isa = PBXBuildFile; fileRef = C656F5A42C6E062E00A0A446 /* OpenGLES.framework */; };
		C656F5A72C6E063700A0A446 /* QuartzCore.framework in Frameworks */ = {isa = PBXBuildFile; fileRef = C656F5A62C6E063700A0A446 /* QuartzCore.framework */; };
		C656F5A92C6E063F00A0A446 /* Security.framework in Frameworks */ = {isa = PBXBuildFile; fileRef = C656F5A82C6E063F00A0A446 /* Security.framework */; };
		C656F5AB2C6E064900A0A446 /* SystemConfiguration.framework in Frameworks */ = {isa = PBXBuildFile; fileRef = C656F5AA2C6E064900A0A446 /* SystemConfiguration.framework */; };
		C656F5AD2C6E064F00A0A446 /* UIKit.framework in Frameworks */ = {isa = PBXBuildFile; fileRef = C656F5AC2C6E064F00A0A446 /* UIKit.framework */; };
		C656F5AF2C6E065900A0A446 /* WebKit.framework in Frameworks */ = {isa = PBXBuildFile; fileRef = C656F5AE2C6E065800A0A446 /* WebKit.framework */; };
		C656F5B12C6E066F00A0A446 /* libiconv.tbd in Frameworks */ = {isa = PBXBuildFile; fileRef = C656F5B02C6E066100A0A446 /* libiconv.tbd */; };
		C656F5B42C6E06C200A0A446 /* libcocos2d iOS.a in Frameworks */ = {isa = PBXBuildFile; fileRef = C6EB70DC2C6E046000997721 /* libcocos2d iOS.a */; };
		C656F5B62C6E06D500A0A446 /* libsqlite3.0.tbd in Frameworks */ = {isa = PBXBuildFile; fileRef = C656F5B52C6E06CD00A0A446 /* libsqlite3.0.tbd */; };
		C656F5B72C6E06E500A0A446 /* libicucore.A.tbd in Frameworks */ = {isa = PBXBuildFile; fileRef = C656F5B22C6E068200A0A446 /* libicucore.A.tbd */; };
		C656F5B92C6E06F800A0A446 /* libz.tbd in Frameworks */ = {isa = PBXBuildFile; fileRef = C656F5B82C6E06ED00A0A446 /* libz.tbd */; };
		C656F5C82C6F531700A0A446 /* assets in Resources */ = {isa = PBXBuildFile; fileRef = C656F5C72C6F531700A0A446 /* assets */; };
		C656F5CB2C6F5D8400A0A446 /* YoSlotsNoSlotGameVC.swift in Sources */ = {isa = PBXBuildFile; fileRef = C656F5CA2C6F5D8400A0A446 /* YoSlotsNoSlotGameVC.swift */; };
		C6EB70692C6E02BD00997721 /* HDAppDelegate.m in Sources */ = {isa = PBXBuildFile; fileRef = C6EB70682C6E02BD00997721 /* HDAppDelegate.m */; };
		C6EB70722C6E02BD00997721 /* Main.storyboard in Resources */ = {isa = PBXBuildFile; fileRef = C6EB70702C6E02BD00997721 /* Main.storyboard */; };
		C6EB70742C6E02BF00997721 /* Assets.xcassets in Resources */ = {isa = PBXBuildFile; fileRef = C6EB70732C6E02BF00997721 /* Assets.xcassets */; };
		C6EB70772C6E02BF00997721 /* LaunchScreen.storyboard in Resources */ = {isa = PBXBuildFile; fileRef = C6EB70752C6E02BF00997721 /* LaunchScreen.storyboard */; };
		C6EB707A2C6E02BF00997721 /* main.m in Sources */ = {isa = PBXBuildFile; fileRef = C6EB70792C6E02BF00997721 /* main.m */; };
		C6EB70842C6E02C000997721 /* YoSlotsNoTests.m in Sources */ = {isa = PBXBuildFile; fileRef = C6EB70832C6E02C000997721 /* YoSlotsNoTests.m */; };
		C6EB708E2C6E02C000997721 /* YoSlotsNoUITests.m in Sources */ = {isa = PBXBuildFile; fileRef = C6EB708D2C6E02C000997721 /* YoSlotsNoUITests.m */; };
		C6EB70902C6E02C000997721 /* YoSlotsNoUITestsLaunchTests.m in Sources */ = {isa = PBXBuildFile; fileRef = C6EB708F2C6E02C000997721 /* YoSlotsNoUITestsLaunchTests.m */; };
		C6EB70B22C6E039200997721 /* YoSlotsNoSettingVC.swift in Sources */ = {isa = PBXBuildFile; fileRef = C6EB709E2C6E038F00997721 /* YoSlotsNoSettingVC.swift */; };
		C6EB70B32C6E039200997721 /* YoSlotsNoMainGameViewController.swift in Sources */ = {isa = PBXBuildFile; fileRef = C6EB709F2C6E038F00997721 /* YoSlotsNoMainGameViewController.swift */; };
		C6EB70B42C6E039200997721 /* RootViewController.mm in Sources */ = {isa = PBXBuildFile; fileRef = C6EB70A52C6E039000997721 /* RootViewController.mm */; };
		C6EB70B62C6E039200997721 /* Ext + UIView.swift in Sources */ = {isa = PBXBuildFile; fileRef = C6EB70A72C6E039000997721 /* Ext + UIView.swift */; };
		C6EB70B72C6E039200997721 /* YoSlotsNoSlotGameVCGameVC.swift in Sources */ = {isa = PBXBuildFile; fileRef = C6EB70A92C6E039100997721 /* YoSlotsNoSlotGameVCGameVC.swift */; };
		C6EB70B82C6E039200997721 /* YoSNoHomeViewController.m in Sources */ = {isa = PBXBuildFile; fileRef = C6EB70AA2C6E039100997721 /* YoSNoHomeViewController.m */; };
		C6EB70B92C6E039200997721 /* PlatformIosApi.mm in Sources */ = {isa = PBXBuildFile; fileRef = C6EB70AB2C6E039100997721 /* PlatformIosApi.mm */; };
		C6EB70BA2C6E039200997721 /* SDKWrapper.m in Sources */ = {isa = PBXBuildFile; fileRef = C6EB70AC2C6E039100997721 /* SDKWrapper.m */; };
		C6EB70BB2C6E039200997721 /* YoSlotsNoSecondGameVC.swift in Sources */ = {isa = PBXBuildFile; fileRef = C6EB70AD2C6E039100997721 /* YoSlotsNoSecondGameVC.swift */; };
		C6EB70BC2C6E039200997721 /* AppController.mm in Sources */ = {isa = PBXBuildFile; fileRef = C6EB70AF2C6E039100997721 /* AppController.mm */; };
		C6EB70BD2C6E039200997721 /* wrapnew.png in Resources */ = {isa = PBXBuildFile; fileRef = C6EB70B02C6E039200997721 /* wrapnew.png */; };
		C6EB70BE2C6E039200997721 /* FeedBackVC.swift in Sources */ = {isa = PBXBuildFile; fileRef = C6EB70B12C6E039200997721 /* FeedBackVC.swift */; };
		C6EB70C72C6E03E700997721 /* jsb_module_register.cpp in Sources */ = {isa = PBXBuildFile; fileRef = C6EB70C42C6E03E700997721 /* jsb_module_register.cpp */; };
		C6EB70C82C6E03E700997721 /* AppDelegate.cpp in Sources */ = {isa = PBXBuildFile; fileRef = C6EB70C62C6E03E700997721 /* AppDelegate.cpp */; };
		C6EB70CF2C6E040F00997721 /* project.json in Resources */ = {isa = PBXBuildFile; fileRef = C6EB70CA2C6E040F00997721 /* project.json */; };
		C6EB70D02C6E040F00997721 /* jsb-adapter in Resources */ = {isa = PBXBuildFile; fileRef = C6EB70CB2C6E040F00997721 /* jsb-adapter */; };
		C6EB70D12C6E040F00997721 /* main.js in Resources */ = {isa = PBXBuildFile; fileRef = C6EB70CC2C6E040F00997721 /* main.js */; };
		C6EB70D22C6E040F00997721 /* Localizable.strings in Resources */ = {isa = PBXBuildFile; fileRef = C6EB70CD2C6E040F00997721 /* Localizable.strings */; };
		C6EB70D32C6E040F00997721 /* src in Resources */ = {isa = PBXBuildFile; fileRef = C6EB70CE2C6E040F00997721 /* src */; };
		FF5C5CD82C70834B00537787 /* YoSlotsNoWheelView.swift in Sources */ = {isa = PBXBuildFile; fileRef = FF5C5CD72C70834B00537787 /* YoSlotsNoWheelView.swift */; };
		FF5C5CDB2C70839F00537787 /* YoSlotsNoAboutUsVC.swift in Sources */ = {isa = PBXBuildFile; fileRef = FF5C5CDA2C70839F00537787 /* YoSlotsNoAboutUsVC.swift */; };
		FF5C5CDD2C7083B600537787 /* YoSlotsNoTANDCVC.swift in Sources */ = {isa = PBXBuildFile; fileRef = FF5C5CDC2C7083B600537787 /* YoSlotsNoTANDCVC.swift */; };
		FF5C5CDF2C7083D400537787 /* YoSlotsNoPrivacyPolicyVC.swift in Sources */ = {isa = PBXBuildFile; fileRef = FF5C5CDE2C7083D400537787 /* YoSlotsNoPrivacyPolicyVC.swift */; };
/* End PBXBuildFile section */

/* Begin PBXContainerItemProxy section */
		C656F57E2C6E051E00A0A446 /* PBXContainerItemProxy */ = {
			isa = PBXContainerItemProxy;
			containerPortal = C6EB70D42C6E046000997721 /* cocos2d_libs.xcodeproj */;
			proxyType = 1;
			remoteGlobalIDString = A07A4C241783777C0073F6A7;
			remoteInfo = "libcocos2d iOS";
		};
		C6EB70802C6E02C000997721 /* PBXContainerItemProxy */ = {
			isa = PBXContainerItemProxy;
			containerPortal = C6EB705C2C6E02BD00997721 /* Project object */;
			proxyType = 1;
			remoteGlobalIDString = C6EB70632C6E02BD00997721;
			remoteInfo = YoSlotsNo;
		};
		C6EB708A2C6E02C000997721 /* PBXContainerItemProxy */ = {
			isa = PBXContainerItemProxy;
			containerPortal = C6EB705C2C6E02BD00997721 /* Project object */;
			proxyType = 1;
			remoteGlobalIDString = C6EB70632C6E02BD00997721;
			remoteInfo = YoSlotsNo;
		};
		C6EB70D92C6E046000997721 /* PBXContainerItemProxy */ = {
			isa = PBXContainerItemProxy;
			containerPortal = C6EB70D42C6E046000997721 /* cocos2d_libs.xcodeproj */;
			proxyType = 2;
			remoteGlobalIDString = 1551A33F158F2AB200E66CFE;
			remoteInfo = "libcocos2d Mac";
		};
		C6EB70DB2C6E046000997721 /* PBXContainerItemProxy */ = {
			isa = PBXContainerItemProxy;
			containerPortal = C6EB70D42C6E046000997721 /* cocos2d_libs.xcodeproj */;
			proxyType = 2;
			remoteGlobalIDString = A07A4D641783777C0073F6A7;
			remoteInfo = "libcocos2d iOS";
		};
/* End PBXContainerItemProxy section */

/* Begin PBXFileReference section */
		67EC8E647F1877B1EB7CA969 /* Pods-YoSlotsNo.debug.xcconfig */ = {isa = PBXFileReference; includeInIndex = 1; lastKnownFileType = text.xcconfig; name = "Pods-YoSlotsNo.debug.xcconfig"; path = "Target Support Files/Pods-YoSlotsNo/Pods-YoSlotsNo.debug.xcconfig"; sourceTree = "<group>"; };
		C656F5822C6E05AC00A0A446 /* AdServices.framework */ = {isa = PBXFileReference; lastKnownFileType = wrapper.framework; name = AdServices.framework; path = System/Library/Frameworks/AdServices.framework; sourceTree = SDKROOT; };
		C656F5842C6E05B200A0A446 /* AdSupport.framework */ = {isa = PBXFileReference; lastKnownFileType = wrapper.framework; name = AdSupport.framework; path = System/Library/Frameworks/AdSupport.framework; sourceTree = SDKROOT; };
		C656F5862C6E05B800A0A446 /* AppTrackingTransparency.framework */ = {isa = PBXFileReference; lastKnownFileType = wrapper.framework; name = AppTrackingTransparency.framework; path = System/Library/Frameworks/AppTrackingTransparency.framework; sourceTree = SDKROOT; };
		C656F5882C6E05C100A0A446 /* AudioToolbox.framework */ = {isa = PBXFileReference; lastKnownFileType = wrapper.framework; name = AudioToolbox.framework; path = System/Library/Frameworks/AudioToolbox.framework; sourceTree = SDKROOT; };
		C656F58A2C6E05C900A0A446 /* AVFoundation.framework */ = {isa = PBXFileReference; lastKnownFileType = wrapper.framework; name = AVFoundation.framework; path = System/Library/Frameworks/AVFoundation.framework; sourceTree = SDKROOT; };
		C656F58C2C6E05CF00A0A446 /* AVKit.framework */ = {isa = PBXFileReference; lastKnownFileType = wrapper.framework; name = AVKit.framework; path = System/Library/Frameworks/AVKit.framework; sourceTree = SDKROOT; };
		C656F58E2C6E05D700A0A446 /* CFNetwork.framework */ = {isa = PBXFileReference; lastKnownFileType = wrapper.framework; name = CFNetwork.framework; path = System/Library/Frameworks/CFNetwork.framework; sourceTree = SDKROOT; };
		C656F5902C6E05E200A0A446 /* CoreFoundation.framework */ = {isa = PBXFileReference; lastKnownFileType = wrapper.framework; name = CoreFoundation.framework; path = System/Library/Frameworks/CoreFoundation.framework; sourceTree = SDKROOT; };
		C656F5922C6E05EB00A0A446 /* CoreGraphics.framework */ = {isa = PBXFileReference; lastKnownFileType = wrapper.framework; name = CoreGraphics.framework; path = System/Library/Frameworks/CoreGraphics.framework; sourceTree = SDKROOT; };
		C656F5942C6E05F400A0A446 /* CoreMedia.framework */ = {isa = PBXFileReference; lastKnownFileType = wrapper.framework; name = CoreMedia.framework; path = System/Library/Frameworks/CoreMedia.framework; sourceTree = SDKROOT; };
		C656F5962C6E05FB00A0A446 /* CoreMotion.framework */ = {isa = PBXFileReference; lastKnownFileType = wrapper.framework; name = CoreMotion.framework; path = System/Library/Frameworks/CoreMotion.framework; sourceTree = SDKROOT; };
		C656F5982C6E060200A0A446 /* CoreText.framework */ = {isa = PBXFileReference; lastKnownFileType = wrapper.framework; name = CoreText.framework; path = System/Library/Frameworks/CoreText.framework; sourceTree = SDKROOT; };
		C656F59A2C6E060A00A0A446 /* Foundation.framework */ = {isa = PBXFileReference; lastKnownFileType = wrapper.framework; name = Foundation.framework; path = System/Library/Frameworks/Foundation.framework; sourceTree = SDKROOT; };
		C656F59C2C6E060F00A0A446 /* GameController.framework */ = {isa = PBXFileReference; lastKnownFileType = wrapper.framework; name = GameController.framework; path = System/Library/Frameworks/GameController.framework; sourceTree = SDKROOT; };
		C656F59E2C6E061600A0A446 /* JavaScriptCore.framework */ = {isa = PBXFileReference; lastKnownFileType = wrapper.framework; name = JavaScriptCore.framework; path = System/Library/Frameworks/JavaScriptCore.framework; sourceTree = SDKROOT; };
		C656F5A02C6E062200A0A446 /* MobileCoreServices.framework */ = {isa = PBXFileReference; lastKnownFileType = wrapper.framework; name = MobileCoreServices.framework; path = System/Library/Frameworks/MobileCoreServices.framework; sourceTree = SDKROOT; };
		C656F5A22C6E062700A0A446 /* OpenAL.framework */ = {isa = PBXFileReference; lastKnownFileType = wrapper.framework; name = OpenAL.framework; path = System/Library/Frameworks/OpenAL.framework; sourceTree = SDKROOT; };
		C656F5A42C6E062E00A0A446 /* OpenGLES.framework */ = {isa = PBXFileReference; lastKnownFileType = wrapper.framework; name = OpenGLES.framework; path = System/Library/Frameworks/OpenGLES.framework; sourceTree = SDKROOT; };
		C656F5A62C6E063700A0A446 /* QuartzCore.framework */ = {isa = PBXFileReference; lastKnownFileType = wrapper.framework; name = QuartzCore.framework; path = System/Library/Frameworks/QuartzCore.framework; sourceTree = SDKROOT; };
		C656F5A82C6E063F00A0A446 /* Security.framework */ = {isa = PBXFileReference; lastKnownFileType = wrapper.framework; name = Security.framework; path = System/Library/Frameworks/Security.framework; sourceTree = SDKROOT; };
		C656F5AA2C6E064900A0A446 /* SystemConfiguration.framework */ = {isa = PBXFileReference; lastKnownFileType = wrapper.framework; name = SystemConfiguration.framework; path = System/Library/Frameworks/SystemConfiguration.framework; sourceTree = SDKROOT; };
		C656F5AC2C6E064F00A0A446 /* UIKit.framework */ = {isa = PBXFileReference; lastKnownFileType = wrapper.framework; name = UIKit.framework; path = System/Library/Frameworks/UIKit.framework; sourceTree = SDKROOT; };
		C656F5AE2C6E065800A0A446 /* WebKit.framework */ = {isa = PBXFileReference; lastKnownFileType = wrapper.framework; name = WebKit.framework; path = System/Library/Frameworks/WebKit.framework; sourceTree = SDKROOT; };
		C656F5B02C6E066100A0A446 /* libiconv.tbd */ = {isa = PBXFileReference; lastKnownFileType = "sourcecode.text-based-dylib-definition"; name = libiconv.tbd; path = usr/lib/libiconv.tbd; sourceTree = SDKROOT; };
		C656F5B22C6E068200A0A446 /* libicucore.A.tbd */ = {isa = PBXFileReference; lastKnownFileType = "sourcecode.text-based-dylib-definition"; name = libicucore.A.tbd; path = usr/lib/libicucore.A.tbd; sourceTree = SDKROOT; };
		C656F5B52C6E06CD00A0A446 /* libsqlite3.0.tbd */ = {isa = PBXFileReference; lastKnownFileType = "sourcecode.text-based-dylib-definition"; name = libsqlite3.0.tbd; path = usr/lib/libsqlite3.0.tbd; sourceTree = SDKROOT; };
		C656F5B82C6E06ED00A0A446 /* libz.tbd */ = {isa = PBXFileReference; lastKnownFileType = "sourcecode.text-based-dylib-definition"; name = libz.tbd; path = usr/lib/libz.tbd; sourceTree = SDKROOT; };
		C656F5C72C6F531700A0A446 /* assets */ = {isa = PBXFileReference; lastKnownFileType = folder; name = assets; path = "jsb-default/assets"; sourceTree = "<group>"; };
		C656F5CA2C6F5D8400A0A446 /* YoSlotsNoSlotGameVC.swift */ = {isa = PBXFileReference; fileEncoding = 4; lastKnownFileType = sourcecode.swift; path = YoSlotsNoSlotGameVC.swift; sourceTree = "<group>"; };
		C6EB70642C6E02BD00997721 /* YoSlotsNo.app */ = {isa = PBXFileReference; explicitFileType = wrapper.application; includeInIndex = 0; path = YoSlotsNo.app; sourceTree = BUILT_PRODUCTS_DIR; };
		C6EB70672C6E02BD00997721 /* HDAppDelegate.h */ = {isa = PBXFileReference; lastKnownFileType = sourcecode.c.h; path = HDAppDelegate.h; sourceTree = "<group>"; };
		C6EB70682C6E02BD00997721 /* HDAppDelegate.m */ = {isa = PBXFileReference; lastKnownFileType = sourcecode.c.objc; path = HDAppDelegate.m; sourceTree = "<group>"; };
		C6EB70712C6E02BD00997721 /* Base */ = {isa = PBXFileReference; lastKnownFileType = file.storyboard; name = Base; path = Base.lproj/Main.storyboard; sourceTree = "<group>"; };
		C6EB70732C6E02BF00997721 /* Assets.xcassets */ = {isa = PBXFileReference; lastKnownFileType = folder.assetcatalog; path = Assets.xcassets; sourceTree = "<group>"; };
		C6EB70762C6E02BF00997721 /* Base */ = {isa = PBXFileReference; lastKnownFileType = file.storyboard; name = Base; path = Base.lproj/LaunchScreen.storyboard; sourceTree = "<group>"; };
		C6EB70782C6E02BF00997721 /* Info.plist */ = {isa = PBXFileReference; lastKnownFileType = text.plist.xml; path = Info.plist; sourceTree = "<group>"; };
		C6EB70792C6E02BF00997721 /* main.m */ = {isa = PBXFileReference; lastKnownFileType = sourcecode.c.objc; path = main.m; sourceTree = "<group>"; };
		C6EB707F2C6E02C000997721 /* YoSlotsNoTests.xctest */ = {isa = PBXFileReference; explicitFileType = wrapper.cfbundle; includeInIndex = 0; path = YoSlotsNoTests.xctest; sourceTree = BUILT_PRODUCTS_DIR; };
		C6EB70832C6E02C000997721 /* YoSlotsNoTests.m */ = {isa = PBXFileReference; lastKnownFileType = sourcecode.c.objc; path = YoSlotsNoTests.m; sourceTree = "<group>"; };
		C6EB70892C6E02C000997721 /* YoSlotsNoUITests.xctest */ = {isa = PBXFileReference; explicitFileType = wrapper.cfbundle; includeInIndex = 0; path = YoSlotsNoUITests.xctest; sourceTree = BUILT_PRODUCTS_DIR; };
		C6EB708D2C6E02C000997721 /* YoSlotsNoUITests.m */ = {isa = PBXFileReference; lastKnownFileType = sourcecode.c.objc; path = YoSlotsNoUITests.m; sourceTree = "<group>"; };
		C6EB708F2C6E02C000997721 /* YoSlotsNoUITestsLaunchTests.m */ = {isa = PBXFileReference; lastKnownFileType = sourcecode.c.objc; path = YoSlotsNoUITestsLaunchTests.m; sourceTree = "<group>"; };
		C6EB709D2C6E038E00997721 /* YoSlotsNo-Bridging-Header.h */ = {isa = PBXFileReference; lastKnownFileType = sourcecode.c.h; path = "YoSlotsNo-Bridging-Header.h"; sourceTree = "<group>"; };
		C6EB709E2C6E038F00997721 /* YoSlotsNoSettingVC.swift */ = {isa = PBXFileReference; fileEncoding = 4; lastKnownFileType = sourcecode.swift; path = YoSlotsNoSettingVC.swift; sourceTree = "<group>"; };
		C6EB709F2C6E038F00997721 /* YoSlotsNoMainGameViewController.swift */ = {isa = PBXFileReference; fileEncoding = 4; lastKnownFileType = sourcecode.swift; path = YoSlotsNoMainGameViewController.swift; sourceTree = "<group>"; };
		C6EB70A02C6E038F00997721 /* SDKDelegate.h */ = {isa = PBXFileReference; fileEncoding = 4; lastKnownFileType = sourcecode.c.h; path = SDKDelegate.h; sourceTree = "<group>"; };
		C6EB70A12C6E039000997721 /* YoSNoHomeViewController.h */ = {isa = PBXFileReference; fileEncoding = 4; lastKnownFileType = sourcecode.c.h; path = YoSNoHomeViewController.h; sourceTree = "<group>"; };
		C6EB70A22C6E039000997721 /* AppController.h */ = {isa = PBXFileReference; fileEncoding = 4; lastKnownFileType = sourcecode.c.h; path = AppController.h; sourceTree = "<group>"; };
		C6EB70A32C6E039000997721 /* PlatformIosApi.h */ = {isa = PBXFileReference; fileEncoding = 4; lastKnownFileType = sourcecode.c.h; path = PlatformIosApi.h; sourceTree = "<group>"; };
		C6EB70A42C6E039000997721 /* SDKWrapper.h */ = {isa = PBXFileReference; fileEncoding = 4; lastKnownFileType = sourcecode.c.h; path = SDKWrapper.h; sourceTree = "<group>"; };
		C6EB70A52C6E039000997721 /* RootViewController.mm */ = {isa = PBXFileReference; fileEncoding = 4; lastKnownFileType = sourcecode.cpp.objcpp; path = RootViewController.mm; sourceTree = "<group>"; };
		C6EB70A72C6E039000997721 /* Ext + UIView.swift */ = {isa = PBXFileReference; fileEncoding = 4; lastKnownFileType = sourcecode.swift; path = "Ext + UIView.swift"; sourceTree = "<group>"; };
		C6EB70A82C6E039000997721 /* RootViewController.h */ = {isa = PBXFileReference; fileEncoding = 4; lastKnownFileType = sourcecode.c.h; path = RootViewController.h; sourceTree = "<group>"; };
		C6EB70A92C6E039100997721 /* YoSlotsNoSlotGameVCGameVC.swift */ = {isa = PBXFileReference; fileEncoding = 4; lastKnownFileType = sourcecode.swift; path = YoSlotsNoSlotGameVCGameVC.swift; sourceTree = "<group>"; };
		C6EB70AA2C6E039100997721 /* YoSNoHomeViewController.m */ = {isa = PBXFileReference; fileEncoding = 4; lastKnownFileType = sourcecode.c.objc; path = YoSNoHomeViewController.m; sourceTree = "<group>"; };
		C6EB70AB2C6E039100997721 /* PlatformIosApi.mm */ = {isa = PBXFileReference; fileEncoding = 4; lastKnownFileType = sourcecode.cpp.objcpp; path = PlatformIosApi.mm; sourceTree = "<group>"; };
		C6EB70AC2C6E039100997721 /* SDKWrapper.m */ = {isa = PBXFileReference; fileEncoding = 4; lastKnownFileType = sourcecode.c.objc; path = SDKWrapper.m; sourceTree = "<group>"; };
		C6EB70AD2C6E039100997721 /* YoSlotsNoSecondGameVC.swift */ = {isa = PBXFileReference; fileEncoding = 4; lastKnownFileType = sourcecode.swift; path = YoSlotsNoSecondGameVC.swift; sourceTree = "<group>"; };
		C6EB70AE2C6E039100997721 /* Prefix.pch */ = {isa = PBXFileReference; fileEncoding = 4; lastKnownFileType = sourcecode.c.h; path = Prefix.pch; sourceTree = "<group>"; };
		C6EB70AF2C6E039100997721 /* AppController.mm */ = {isa = PBXFileReference; fileEncoding = 4; lastKnownFileType = sourcecode.cpp.objcpp; path = AppController.mm; sourceTree = "<group>"; };
		C6EB70B02C6E039200997721 /* wrapnew.png */ = {isa = PBXFileReference; lastKnownFileType = image.png; path = wrapnew.png; sourceTree = "<group>"; };
		C6EB70B12C6E039200997721 /* FeedBackVC.swift */ = {isa = PBXFileReference; fileEncoding = 4; lastKnownFileType = sourcecode.swift; path = FeedBackVC.swift; sourceTree = "<group>"; };
		C6EB70C32C6E03E700997721 /* AppDelegate.h */ = {isa = PBXFileReference; fileEncoding = 4; lastKnownFileType = sourcecode.c.h; path = AppDelegate.h; sourceTree = "<group>"; };
		C6EB70C42C6E03E700997721 /* jsb_module_register.cpp */ = {isa = PBXFileReference; fileEncoding = 4; lastKnownFileType = sourcecode.cpp.cpp; path = jsb_module_register.cpp; sourceTree = "<group>"; };
		C6EB70C52C6E03E700997721 /* NativeConfig.h */ = {isa = PBXFileReference; fileEncoding = 4; lastKnownFileType = sourcecode.c.h; path = NativeConfig.h; sourceTree = "<group>"; };
		C6EB70C62C6E03E700997721 /* AppDelegate.cpp */ = {isa = PBXFileReference; fileEncoding = 4; lastKnownFileType = sourcecode.cpp.cpp; path = AppDelegate.cpp; sourceTree = "<group>"; };
		C6EB70CA2C6E040F00997721 /* project.json */ = {isa = PBXFileReference; fileEncoding = 4; lastKnownFileType = text.json; path = project.json; sourceTree = "<group>"; };
		C6EB70CB2C6E040F00997721 /* jsb-adapter */ = {isa = PBXFileReference; lastKnownFileType = folder; path = "jsb-adapter"; sourceTree = "<group>"; };
		C6EB70CC2C6E040F00997721 /* main.js */ = {isa = PBXFileReference; fileEncoding = 4; lastKnownFileType = sourcecode.javascript; path = main.js; sourceTree = "<group>"; };
		C6EB70CD2C6E040F00997721 /* Localizable.strings */ = {isa = PBXFileReference; fileEncoding = 4; lastKnownFileType = text.plist.strings; path = Localizable.strings; sourceTree = "<group>"; };
		C6EB70CE2C6E040F00997721 /* src */ = {isa = PBXFileReference; lastKnownFileType = folder; path = src; sourceTree = "<group>"; };
		C6EB70D42C6E046000997721 /* cocos2d_libs.xcodeproj */ = {isa = PBXFileReference; lastKnownFileType = "wrapper.pb-project"; name = cocos2d_libs.xcodeproj; path = "cocos2d-x/build/cocos2d_libs.xcodeproj"; sourceTree = "<group>"; };
		E37EB7D4241681B516D62F28 /* Pods-YoSlotsNo.release.xcconfig */ = {isa = PBXFileReference; includeInIndex = 1; lastKnownFileType = text.xcconfig; name = "Pods-YoSlotsNo.release.xcconfig"; path = "Target Support Files/Pods-YoSlotsNo/Pods-YoSlotsNo.release.xcconfig"; sourceTree = "<group>"; };
		EAEDB95AF157C4BCC3AA8F67 /* Pods_YoSlotsNo.framework */ = {isa = PBXFileReference; explicitFileType = wrapper.framework; includeInIndex = 0; path = Pods_YoSlotsNo.framework; sourceTree = BUILT_PRODUCTS_DIR; };
		FF5C5CD72C70834B00537787 /* YoSlotsNoWheelView.swift */ = {isa = PBXFileReference; lastKnownFileType = sourcecode.swift; path = YoSlotsNoWheelView.swift; sourceTree = "<group>"; };
		FF5C5CDA2C70839F00537787 /* YoSlotsNoAboutUsVC.swift */ = {isa = PBXFileReference; lastKnownFileType = sourcecode.swift; path = YoSlotsNoAboutUsVC.swift; sourceTree = "<group>"; };
		FF5C5CDC2C7083B600537787 /* YoSlotsNoTANDCVC.swift */ = {isa = PBXFileReference; lastKnownFileType = sourcecode.swift; path = YoSlotsNoTANDCVC.swift; sourceTree = "<group>"; };
		FF5C5CDE2C7083D400537787 /* YoSlotsNoPrivacyPolicyVC.swift */ = {isa = PBXFileReference; lastKnownFileType = sourcecode.swift; path = YoSlotsNoPrivacyPolicyVC.swift; sourceTree = "<group>"; };
/* End PBXFileReference section */

/* Begin PBXFrameworksBuildPhase section */
		C6EB70612C6E02BD00997721 /* Frameworks */ = {
			isa = PBXFrameworksBuildPhase;
			buildActionMask = 2147483647;
			files = (
				C656F5B42C6E06C200A0A446 /* libcocos2d iOS.a in Frameworks */,
				C656F5A72C6E063700A0A446 /* QuartzCore.framework in Frameworks */,
				AC7943F3C3322E57B2E881C0 /* Pods_YoSlotsNo.framework in Frameworks */,
				C656F5AF2C6E065900A0A446 /* WebKit.framework in Frameworks */,
				C656F5952C6E05F400A0A446 /* CoreMedia.framework in Frameworks */,
				C656F59D2C6E061000A0A446 /* GameController.framework in Frameworks */,
				C656F5A92C6E063F00A0A446 /* Security.framework in Frameworks */,
				C656F5B92C6E06F800A0A446 /* libz.tbd in Frameworks */,
				C656F5AD2C6E064F00A0A446 /* UIKit.framework in Frameworks */,
				C656F5872C6E05B900A0A446 /* AppTrackingTransparency.framework in Frameworks */,
				C656F5AB2C6E064900A0A446 /* SystemConfiguration.framework in Frameworks */,
				C656F5B12C6E066F00A0A446 /* libiconv.tbd in Frameworks */,
				C656F59F2C6E061600A0A446 /* JavaScriptCore.framework in Frameworks */,
				C656F5912C6E05E200A0A446 /* CoreFoundation.framework in Frameworks */,
				C656F5A52C6E062E00A0A446 /* OpenGLES.framework in Frameworks */,
				C656F5B62C6E06D500A0A446 /* libsqlite3.0.tbd in Frameworks */,
				C656F58F2C6E05D700A0A446 /* CFNetwork.framework in Frameworks */,
				C656F59B2C6E060A00A0A446 /* Foundation.framework in Frameworks */,
				C656F58B2C6E05C900A0A446 /* AVFoundation.framework in Frameworks */,
				C656F5892C6E05C200A0A446 /* AudioToolbox.framework in Frameworks */,
				C656F5972C6E05FB00A0A446 /* CoreMotion.framework in Frameworks */,
				C656F5B72C6E06E500A0A446 /* libicucore.A.tbd in Frameworks */,
				C656F58D2C6E05D000A0A446 /* AVKit.framework in Frameworks */,
				C656F5832C6E05AC00A0A446 /* AdServices.framework in Frameworks */,
				C656F5932C6E05EB00A0A446 /* CoreGraphics.framework in Frameworks */,
				C656F5A12C6E062200A0A446 /* MobileCoreServices.framework in Frameworks */,
				C656F5A32C6E062700A0A446 /* OpenAL.framework in Frameworks */,
				C656F5852C6E05B300A0A446 /* AdSupport.framework in Frameworks */,
				C656F5992C6E060200A0A446 /* CoreText.framework in Frameworks */,
			);
			runOnlyForDeploymentPostprocessing = 0;
		};
		C6EB707C2C6E02C000997721 /* Frameworks */ = {
			isa = PBXFrameworksBuildPhase;
			buildActionMask = 2147483647;
			files = (
			);
			runOnlyForDeploymentPostprocessing = 0;
		};
		C6EB70862C6E02C000997721 /* Frameworks */ = {
			isa = PBXFrameworksBuildPhase;
			buildActionMask = 2147483647;
			files = (
			);
			runOnlyForDeploymentPostprocessing = 0;
		};
/* End PBXFrameworksBuildPhase section */

/* Begin PBXGroup section */
		0993F9197453C0C9081DAA5D /* Frameworks */ = {
			isa = PBXGroup;
			children = (
				C656F5B82C6E06ED00A0A446 /* libz.tbd */,
				C656F5B52C6E06CD00A0A446 /* libsqlite3.0.tbd */,
				C656F5B22C6E068200A0A446 /* libicucore.A.tbd */,
				C656F5B02C6E066100A0A446 /* libiconv.tbd */,
				C656F5AE2C6E065800A0A446 /* WebKit.framework */,
				C656F5AC2C6E064F00A0A446 /* UIKit.framework */,
				C656F5AA2C6E064900A0A446 /* SystemConfiguration.framework */,
				C656F5A82C6E063F00A0A446 /* Security.framework */,
				C656F5A62C6E063700A0A446 /* QuartzCore.framework */,
				C656F5A42C6E062E00A0A446 /* OpenGLES.framework */,
				C656F5A22C6E062700A0A446 /* OpenAL.framework */,
				C656F5A02C6E062200A0A446 /* MobileCoreServices.framework */,
				C656F59E2C6E061600A0A446 /* JavaScriptCore.framework */,
				C656F59C2C6E060F00A0A446 /* GameController.framework */,
				C656F59A2C6E060A00A0A446 /* Foundation.framework */,
				C656F5982C6E060200A0A446 /* CoreText.framework */,
				C656F5962C6E05FB00A0A446 /* CoreMotion.framework */,
				C656F5942C6E05F400A0A446 /* CoreMedia.framework */,
				C656F5922C6E05EB00A0A446 /* CoreGraphics.framework */,
				C656F5902C6E05E200A0A446 /* CoreFoundation.framework */,
				C656F58E2C6E05D700A0A446 /* CFNetwork.framework */,
				C656F58C2C6E05CF00A0A446 /* AVKit.framework */,
				C656F58A2C6E05C900A0A446 /* AVFoundation.framework */,
				C656F5882C6E05C100A0A446 /* AudioToolbox.framework */,
				C656F5862C6E05B800A0A446 /* AppTrackingTransparency.framework */,
				C656F5842C6E05B200A0A446 /* AdSupport.framework */,
				C656F5822C6E05AC00A0A446 /* AdServices.framework */,
				EAEDB95AF157C4BCC3AA8F67 /* Pods_YoSlotsNo.framework */,
			);
			name = Frameworks;
			sourceTree = "<group>";
		};
		C6EB705B2C6E02BD00997721 = {
			isa = PBXGroup;
			children = (
				C656F5C72C6F531700A0A446 /* assets */,
				C6EB70D42C6E046000997721 /* cocos2d_libs.xcodeproj */,
				C6EB70C92C6E040200997721 /* Resources */,
				C6EB70C22C6E03E700997721 /* Classes */,
				C6EB70662C6E02BD00997721 /* YoSlotsNo */,
				C6EB70822C6E02C000997721 /* YoSlotsNoTests */,
				C6EB708C2C6E02C000997721 /* YoSlotsNoUITests */,
				C6EB70652C6E02BD00997721 /* Products */,
				CC8C5E19D46BBBEA5F601CAB /* Pods */,
				0993F9197453C0C9081DAA5D /* Frameworks */,
			);
			sourceTree = "<group>";
		};
		C6EB70652C6E02BD00997721 /* Products */ = {
			isa = PBXGroup;
			children = (
				C6EB70642C6E02BD00997721 /* YoSlotsNo.app */,
				C6EB707F2C6E02C000997721 /* YoSlotsNoTests.xctest */,
				C6EB70892C6E02C000997721 /* YoSlotsNoUITests.xctest */,
			);
			name = Products;
			sourceTree = "<group>";
		};
		C6EB70662C6E02BD00997721 /* YoSlotsNo */ = {
			isa = PBXGroup;
			children = (
				C6EB70A22C6E039000997721 /* AppController.h */,
				C6EB70AF2C6E039100997721 /* AppController.mm */,
				C6EB70732C6E02BF00997721 /* Assets.xcassets */,
				C6EB70A72C6E039000997721 /* Ext + UIView.swift */,
				C6EB70B12C6E039200997721 /* FeedBackVC.swift */,
				C6EB70672C6E02BD00997721 /* HDAppDelegate.h */,
				C6EB70682C6E02BD00997721 /* HDAppDelegate.m */,
				C6EB70782C6E02BF00997721 /* Info.plist */,
				C6EB70752C6E02BF00997721 /* LaunchScreen.storyboard */,
				C6EB70792C6E02BF00997721 /* main.m */,
				C6EB70702C6E02BD00997721 /* Main.storyboard */,
				C6EB70A32C6E039000997721 /* PlatformIosApi.h */,
				C6EB70AB2C6E039100997721 /* PlatformIosApi.mm */,
				C6EB70AE2C6E039100997721 /* Prefix.pch */,
				C6EB70A82C6E039000997721 /* RootViewController.h */,
				C6EB70A52C6E039000997721 /* RootViewController.mm */,
				C6EB70A02C6E038F00997721 /* SDKDelegate.h */,
				C6EB70A42C6E039000997721 /* SDKWrapper.h */,
				C6EB70AC2C6E039100997721 /* SDKWrapper.m */,
				C6EB70AD2C6E039100997721 /* YoSlotsNoSecondGameVC.swift */,
				C6EB709E2C6E038F00997721 /* YoSlotsNoSettingVC.swift */,
				FF5C5CDE2C7083D400537787 /* YoSlotsNoPrivacyPolicyVC.swift */,
				FF5C5CDC2C7083B600537787 /* YoSlotsNoTANDCVC.swift */,
				FF5C5CDA2C70839F00537787 /* YoSlotsNoAboutUsVC.swift */,
				C656F5CA2C6F5D8400A0A446 /* YoSlotsNoSlotGameVC.swift */,
				C6EB70A92C6E039100997721 /* YoSlotsNoSlotGameVCGameVC.swift */,
				C6EB709F2C6E038F00997721 /* YoSlotsNoMainGameViewController.swift */,
				FF5C5CD72C70834B00537787 /* YoSlotsNoWheelView.swift */,
				C6EB70B02C6E039200997721 /* wrapnew.png */,
				C6EB709D2C6E038E00997721 /* YoSlotsNo-Bridging-Header.h */,
				C6EB70A12C6E039000997721 /* YoSNoHomeViewController.h */,
				C6EB70AA2C6E039100997721 /* YoSNoHomeViewController.m */,
			);
			path = YoSlotsNo;
			sourceTree = "<group>";
		};
		C6EB70822C6E02C000997721 /* YoSlotsNoTests */ = {
			isa = PBXGroup;
			children = (
				C6EB70832C6E02C000997721 /* YoSlotsNoTests.m */,
			);
			path = YoSlotsNoTests;
			sourceTree = "<group>";
		};
		C6EB708C2C6E02C000997721 /* YoSlotsNoUITests */ = {
			isa = PBXGroup;
			children = (
				C6EB708D2C6E02C000997721 /* YoSlotsNoUITests.m */,
				C6EB708F2C6E02C000997721 /* YoSlotsNoUITestsLaunchTests.m */,
			);
			path = YoSlotsNoUITests;
			sourceTree = "<group>";
		};
		C6EB70C22C6E03E700997721 /* Classes */ = {
			isa = PBXGroup;
			children = (
				C6EB70C32C6E03E700997721 /* AppDelegate.h */,
				C6EB70C42C6E03E700997721 /* jsb_module_register.cpp */,
				C6EB70C52C6E03E700997721 /* NativeConfig.h */,
				C6EB70C62C6E03E700997721 /* AppDelegate.cpp */,
			);
			path = Classes;
			sourceTree = "<group>";
		};
		C6EB70C92C6E040200997721 /* Resources */ = {
			isa = PBXGroup;
			children = (
				C6EB70CB2C6E040F00997721 /* jsb-adapter */,
				C6EB70CD2C6E040F00997721 /* Localizable.strings */,
				C6EB70CC2C6E040F00997721 /* main.js */,
				C6EB70CA2C6E040F00997721 /* project.json */,
				C6EB70CE2C6E040F00997721 /* src */,
			);
			path = Resources;
			sourceTree = "<group>";
		};
		C6EB70D52C6E046000997721 /* Products */ = {
			isa = PBXGroup;
			children = (
				C6EB70DA2C6E046000997721 /* libcocos2d Mac.a */,
				C6EB70DC2C6E046000997721 /* libcocos2d iOS.a */,
			);
			name = Products;
			sourceTree = "<group>";
		};
		CC8C5E19D46BBBEA5F601CAB /* Pods */ = {
			isa = PBXGroup;
			children = (
				67EC8E647F1877B1EB7CA969 /* Pods-YoSlotsNo.debug.xcconfig */,
				E37EB7D4241681B516D62F28 /* Pods-YoSlotsNo.release.xcconfig */,
			);
			path = Pods;
			sourceTree = "<group>";
		};
/* End PBXGroup section */

/* Begin PBXNativeTarget section */
		C6EB70632C6E02BD00997721 /* YoSlotsNo */ = {
			isa = PBXNativeTarget;
			buildConfigurationList = C6EB70932C6E02C000997721 /* Build configuration list for PBXNativeTarget "YoSlotsNo" */;
			buildPhases = (
				18B204DB516B70C5426639F0 /* [CP] Check Pods Manifest.lock */,
				C6EB70602C6E02BD00997721 /* Sources */,
				C6EB70612C6E02BD00997721 /* Frameworks */,
				C6EB70622C6E02BD00997721 /* Resources */,
				916E0F2366EC7CDAE0BEA075 /* [CP] Embed Pods Frameworks */,
			);
			buildRules = (
			);
			dependencies = (
				C656F57F2C6E051E00A0A446 /* PBXTargetDependency */,
			);
			name = YoSlotsNo;
			productName = YoSlotsNo;
			productReference = C6EB70642C6E02BD00997721 /* YoSlotsNo.app */;
			productType = "com.apple.product-type.application";
		};
		C6EB707E2C6E02C000997721 /* YoSlotsNoTests */ = {
			isa = PBXNativeTarget;
			buildConfigurationList = C6EB70962C6E02C000997721 /* Build configuration list for PBXNativeTarget "YoSlotsNoTests" */;
			buildPhases = (
				C6EB707B2C6E02C000997721 /* Sources */,
				C6EB707C2C6E02C000997721 /* Frameworks */,
				C6EB707D2C6E02C000997721 /* Resources */,
			);
			buildRules = (
			);
			dependencies = (
				C6EB70812C6E02C000997721 /* PBXTargetDependency */,
			);
			name = YoSlotsNoTests;
			productName = YoSlotsNoTests;
			productReference = C6EB707F2C6E02C000997721 /* YoSlotsNoTests.xctest */;
			productType = "com.apple.product-type.bundle.unit-test";
		};
		C6EB70882C6E02C000997721 /* YoSlotsNoUITests */ = {
			isa = PBXNativeTarget;
			buildConfigurationList = C6EB70992C6E02C000997721 /* Build configuration list for PBXNativeTarget "YoSlotsNoUITests" */;
			buildPhases = (
				C6EB70852C6E02C000997721 /* Sources */,
				C6EB70862C6E02C000997721 /* Frameworks */,
				C6EB70872C6E02C000997721 /* Resources */,
			);
			buildRules = (
			);
			dependencies = (
				C6EB708B2C6E02C000997721 /* PBXTargetDependency */,
			);
			name = YoSlotsNoUITests;
			productName = YoSlotsNoUITests;
			productReference = C6EB70892C6E02C000997721 /* YoSlotsNoUITests.xctest */;
			productType = "com.apple.product-type.bundle.ui-testing";
		};
/* End PBXNativeTarget section */

/* Begin PBXProject section */
		C6EB705C2C6E02BD00997721 /* Project object */ = {
			isa = PBXProject;
			attributes = {
				BuildIndependentTargetsInParallel = 1;
				LastUpgradeCheck = 1520;
				TargetAttributes = {
					C6EB70632C6E02BD00997721 = {
						CreatedOnToolsVersion = 15.2;
						LastSwiftMigration = 1520;
					};
					C6EB707E2C6E02C000997721 = {
						CreatedOnToolsVersion = 15.2;
						TestTargetID = C6EB70632C6E02BD00997721;
					};
					C6EB70882C6E02C000997721 = {
						CreatedOnToolsVersion = 15.2;
						TestTargetID = C6EB70632C6E02BD00997721;
					};
				};
			};
			buildConfigurationList = C6EB705F2C6E02BD00997721 /* Build configuration list for PBXProject "YoSlotsNo" */;
			compatibilityVersion = "Xcode 14.0";
			developmentRegion = en;
			hasScannedForEncodings = 0;
			knownRegions = (
				en,
				Base,
			);
			mainGroup = C6EB705B2C6E02BD00997721;
			productRefGroup = C6EB70652C6E02BD00997721 /* Products */;
			projectDirPath = "";
			projectReferences = (
				{
					ProductGroup = C6EB70D52C6E046000997721 /* Products */;
					ProjectRef = C6EB70D42C6E046000997721 /* cocos2d_libs.xcodeproj */;
				},
			);
			projectRoot = "";
			targets = (
				C6EB70632C6E02BD00997721 /* YoSlotsNo */,
				C6EB707E2C6E02C000997721 /* YoSlotsNoTests */,
				C6EB70882C6E02C000997721 /* YoSlotsNoUITests */,
			);
		};
/* End PBXProject section */

/* Begin PBXReferenceProxy section */
		C6EB70DA2C6E046000997721 /* libcocos2d Mac.a */ = {
			isa = PBXReferenceProxy;
			fileType = archive.ar;
			path = "libcocos2d Mac.a";
			remoteRef = C6EB70D92C6E046000997721 /* PBXContainerItemProxy */;
			sourceTree = BUILT_PRODUCTS_DIR;
		};
		C6EB70DC2C6E046000997721 /* libcocos2d iOS.a */ = {
			isa = PBXReferenceProxy;
			fileType = archive.ar;
			path = "libcocos2d iOS.a";
			remoteRef = C6EB70DB2C6E046000997721 /* PBXContainerItemProxy */;
			sourceTree = BUILT_PRODUCTS_DIR;
		};
/* End PBXReferenceProxy section */

/* Begin PBXResourcesBuildPhase section */
		C6EB70622C6E02BD00997721 /* Resources */ = {
			isa = PBXResourcesBuildPhase;
			buildActionMask = 2147483647;
			files = (
				C6EB70D02C6E040F00997721 /* jsb-adapter in Resources */,
				C6EB70772C6E02BF00997721 /* LaunchScreen.storyboard in Resources */,
				C6EB70742C6E02BF00997721 /* Assets.xcassets in Resources */,
				C6EB70D22C6E040F00997721 /* Localizable.strings in Resources */,
				C6EB70CF2C6E040F00997721 /* project.json in Resources */,
				C656F5C82C6F531700A0A446 /* assets in Resources */,
				C6EB70BD2C6E039200997721 /* wrapnew.png in Resources */,
				C6EB70722C6E02BD00997721 /* Main.storyboard in Resources */,
				C6EB70D12C6E040F00997721 /* main.js in Resources */,
				C6EB70D32C6E040F00997721 /* src in Resources */,
			);
			runOnlyForDeploymentPostprocessing = 0;
		};
		C6EB707D2C6E02C000997721 /* Resources */ = {
			isa = PBXResourcesBuildPhase;
			buildActionMask = 2147483647;
			files = (
			);
			runOnlyForDeploymentPostprocessing = 0;
		};
		C6EB70872C6E02C000997721 /* Resources */ = {
			isa = PBXResourcesBuildPhase;
			buildActionMask = 2147483647;
			files = (
			);
			runOnlyForDeploymentPostprocessing = 0;
		};
/* End PBXResourcesBuildPhase section */

/* Begin PBXShellScriptBuildPhase section */
		18B204DB516B70C5426639F0 /* [CP] Check Pods Manifest.lock */ = {
			isa = PBXShellScriptBuildPhase;
			buildActionMask = 2147483647;
			files = (
			);
			inputFileListPaths = (
			);
			inputPaths = (
				"${PODS_PODFILE_DIR_PATH}/Podfile.lock",
				"${PODS_ROOT}/Manifest.lock",
			);
			name = "[CP] Check Pods Manifest.lock";
			outputFileListPaths = (
			);
			outputPaths = (
				"$(DERIVED_FILE_DIR)/Pods-YoSlotsNo-checkManifestLockResult.txt",
			);
			runOnlyForDeploymentPostprocessing = 0;
			shellPath = /bin/sh;
			shellScript = "diff \"${PODS_PODFILE_DIR_PATH}/Podfile.lock\" \"${PODS_ROOT}/Manifest.lock\" > /dev/null\nif [ $? != 0 ] ; then\n    # print error to STDERR\n    echo \"error: The sandbox is not in sync with the Podfile.lock. Run 'pod install' or update your CocoaPods installation.\" >&2\n    exit 1\nfi\n# This output is used by Xcode 'outputs' to avoid re-running this script phase.\necho \"SUCCESS\" > \"${SCRIPT_OUTPUT_FILE_0}\"\n";
			showEnvVarsInLog = 0;
		};
		916E0F2366EC7CDAE0BEA075 /* [CP] Embed Pods Frameworks */ = {
			isa = PBXShellScriptBuildPhase;
			buildActionMask = 2147483647;
			files = (
			);
			inputFileListPaths = (
				"${PODS_ROOT}/Target Support Files/Pods-YoSlotsNo/Pods-YoSlotsNo-frameworks-${CONFIGURATION}-input-files.xcfilelist",
			);
			name = "[CP] Embed Pods Frameworks";
			outputFileListPaths = (
				"${PODS_ROOT}/Target Support Files/Pods-YoSlotsNo/Pods-YoSlotsNo-frameworks-${CONFIGURATION}-output-files.xcfilelist",
			);
			runOnlyForDeploymentPostprocessing = 0;
			shellPath = /bin/sh;
			shellScript = "\"${PODS_ROOT}/Target Support Files/Pods-YoSlotsNo/Pods-YoSlotsNo-frameworks.sh\"\n";
			showEnvVarsInLog = 0;
		};
/* End PBXShellScriptBuildPhase section */

/* Begin PBXSourcesBuildPhase section */
		C6EB70602C6E02BD00997721 /* Sources */ = {
			isa = PBXSourcesBuildPhase;
			buildActionMask = 2147483647;
			files = (
				FF5C5CDF2C7083D400537787 /* YoSlotsNoPrivacyPolicyVC.swift in Sources */,
				C6EB70692C6E02BD00997721 /* HDAppDelegate.m in Sources */,
				C6EB70B42C6E039200997721 /* RootViewController.mm in Sources */,
				C6EB70B22C6E039200997721 /* YoSlotsNoSettingVC.swift in Sources */,
				FF5C5CDB2C70839F00537787 /* YoSlotsNoAboutUsVC.swift in Sources */,
				FF5C5CDD2C7083B600537787 /* YoSlotsNoTANDCVC.swift in Sources */,
				C6EB70B32C6E039200997721 /* YoSlotsNoMainGameViewController.swift in Sources */,
				C6EB70BA2C6E039200997721 /* SDKWrapper.m in Sources */,
				C656F5CB2C6F5D8400A0A446 /* YoSlotsNoSlotGameVC.swift in Sources */,
				C6EB70B82C6E039200997721 /* YoSNoHomeViewController.m in Sources */,
				C6EB70B92C6E039200997721 /* PlatformIosApi.mm in Sources */,
				C6EB70BE2C6E039200997721 /* FeedBackVC.swift in Sources */,
				C6EB70C72C6E03E700997721 /* jsb_module_register.cpp in Sources */,
				C6EB707A2C6E02BF00997721 /* main.m in Sources */,
				C6EB70BC2C6E039200997721 /* AppController.mm in Sources */,
				FF5C5CD82C70834B00537787 /* YoSlotsNoWheelView.swift in Sources */,
				C6EB70C82C6E03E700997721 /* AppDelegate.cpp in Sources */,
				C6EB70BB2C6E039200997721 /* YoSlotsNoSecondGameVC.swift in Sources */,
				C6EB70B62C6E039200997721 /* Ext + UIView.swift in Sources */,
				C6EB70B72C6E039200997721 /* YoSlotsNoSlotGameVCGameVC.swift in Sources */,
			);
			runOnlyForDeploymentPostprocessing = 0;
		};
		C6EB707B2C6E02C000997721 /* Sources */ = {
			isa = PBXSourcesBuildPhase;
			buildActionMask = 2147483647;
			files = (
				C6EB70842C6E02C000997721 /* YoSlotsNoTests.m in Sources */,
			);
			runOnlyForDeploymentPostprocessing = 0;
		};
		C6EB70852C6E02C000997721 /* Sources */ = {
			isa = PBXSourcesBuildPhase;
			buildActionMask = 2147483647;
			files = (
				C6EB708E2C6E02C000997721 /* YoSlotsNoUITests.m in Sources */,
				C6EB70902C6E02C000997721 /* YoSlotsNoUITestsLaunchTests.m in Sources */,
			);
			runOnlyForDeploymentPostprocessing = 0;
		};
/* End PBXSourcesBuildPhase section */

/* Begin PBXTargetDependency section */
		C656F57F2C6E051E00A0A446 /* PBXTargetDependency */ = {
			isa = PBXTargetDependency;
			name = "libcocos2d iOS";
			targetProxy = C656F57E2C6E051E00A0A446 /* PBXContainerItemProxy */;
		};
		C6EB70812C6E02C000997721 /* PBXTargetDependency */ = {
			isa = PBXTargetDependency;
			target = C6EB70632C6E02BD00997721 /* YoSlotsNo */;
			targetProxy = C6EB70802C6E02C000997721 /* PBXContainerItemProxy */;
		};
		C6EB708B2C6E02C000997721 /* PBXTargetDependency */ = {
			isa = PBXTargetDependency;
			target = C6EB70632C6E02BD00997721 /* YoSlotsNo */;
			targetProxy = C6EB708A2C6E02C000997721 /* PBXContainerItemProxy */;
		};
/* End PBXTargetDependency section */

/* Begin PBXVariantGroup section */
		C6EB70702C6E02BD00997721 /* Main.storyboard */ = {
			isa = PBXVariantGroup;
			children = (
				C6EB70712C6E02BD00997721 /* Base */,
			);
			name = Main.storyboard;
			sourceTree = "<group>";
		};
		C6EB70752C6E02BF00997721 /* LaunchScreen.storyboard */ = {
			isa = PBXVariantGroup;
			children = (
				C6EB70762C6E02BF00997721 /* Base */,
			);
			name = LaunchScreen.storyboard;
			sourceTree = "<group>";
		};
/* End PBXVariantGroup section */

/* Begin XCBuildConfiguration section */
		C6EB70912C6E02C000997721 /* Debug */ = {
			isa = XCBuildConfiguration;
			buildSettings = {
				ALWAYS_SEARCH_USER_PATHS = NO;
				ASSETCATALOG_COMPILER_GENERATE_SWIFT_ASSET_SYMBOL_EXTENSIONS = YES;
				CLANG_ANALYZER_NONNULL = YES;
				CLANG_ANALYZER_NUMBER_OBJECT_CONVERSION = YES_AGGRESSIVE;
				CLANG_CXX_LANGUAGE_STANDARD = "gnu++20";
				CLANG_ENABLE_MODULES = YES;
				CLANG_ENABLE_OBJC_ARC = YES;
				CLANG_ENABLE_OBJC_WEAK = YES;
				CLANG_WARN_BLOCK_CAPTURE_AUTORELEASING = YES;
				CLANG_WARN_BOOL_CONVERSION = YES;
				CLANG_WARN_COMMA = YES;
				CLANG_WARN_CONSTANT_CONVERSION = YES;
				CLANG_WARN_DEPRECATED_OBJC_IMPLEMENTATIONS = YES;
				CLANG_WARN_DIRECT_OBJC_ISA_USAGE = YES_ERROR;
				CLANG_WARN_DOCUMENTATION_COMMENTS = YES;
				CLANG_WARN_EMPTY_BODY = YES;
				CLANG_WARN_ENUM_CONVERSION = YES;
				CLANG_WARN_INFINITE_RECURSION = YES;
				CLANG_WARN_INT_CONVERSION = YES;
				CLANG_WARN_NON_LITERAL_NULL_CONVERSION = YES;
				CLANG_WARN_OBJC_IMPLICIT_RETAIN_SELF = YES;
				CLANG_WARN_OBJC_LITERAL_CONVERSION = YES;
				CLANG_WARN_OBJC_ROOT_CLASS = YES_ERROR;
				CLANG_WARN_QUOTED_INCLUDE_IN_FRAMEWORK_HEADER = YES;
				CLANG_WARN_RANGE_LOOP_ANALYSIS = YES;
				CLANG_WARN_STRICT_PROTOTYPES = YES;
				CLANG_WARN_SUSPICIOUS_MOVE = YES;
				CLANG_WARN_UNGUARDED_AVAILABILITY = YES_AGGRESSIVE;
				CLANG_WARN_UNREACHABLE_CODE = YES;
				CLANG_WARN__DUPLICATE_METHOD_MATCH = YES;
				COPY_PHASE_STRIP = NO;
				DEBUG_INFORMATION_FORMAT = dwarf;
				ENABLE_STRICT_OBJC_MSGSEND = YES;
				ENABLE_TESTABILITY = YES;
				ENABLE_USER_SCRIPT_SANDBOXING = YES;
				GCC_C_LANGUAGE_STANDARD = gnu17;
				GCC_DYNAMIC_NO_PIC = NO;
				GCC_NO_COMMON_BLOCKS = YES;
				GCC_OPTIMIZATION_LEVEL = 0;
				GCC_PREPROCESSOR_DEFINITIONS = (
					"DEBUG=1",
					"$(inherited)",
				);
				GCC_WARN_64_TO_32_BIT_CONVERSION = YES;
				GCC_WARN_ABOUT_RETURN_TYPE = YES_ERROR;
				GCC_WARN_UNDECLARED_SELECTOR = YES;
				GCC_WARN_UNINITIALIZED_AUTOS = YES_AGGRESSIVE;
				GCC_WARN_UNUSED_FUNCTION = YES;
				GCC_WARN_UNUSED_VARIABLE = YES;
				IPHONEOS_DEPLOYMENT_TARGET = 17.2;
				LOCALIZATION_PREFERS_STRING_CATALOGS = YES;
				MTL_ENABLE_DEBUG_INFO = INCLUDE_SOURCE;
				MTL_FAST_MATH = YES;
				ONLY_ACTIVE_ARCH = YES;
				SDKROOT = iphoneos;
				USER_HEADER_SEARCH_PATHS = (
					"$(SRCROOT)/cocos2d-x",
					"$(SRCROOT)/cocos2d-x/cocos",
					"$(SRCROOT)/cocos2d-x/cocos/base",
					"$(SRCROOT)/cocos2d-x/cocos/physics",
					"$(SRCROOT)/cocos2d-x/cocos/math/kazmath",
					"$(SRCROOT)/cocos2d-x/cocos/2d",
					"$(SRCROOT)/cocos2d-x/cocos/gui",
					"$(SRCROOT)/cocos2d-x/cocos/network",
					"$(SRCROOT)/cocos2d-x/cocos/audio/include",
					"$(SRCROOT)/cocos2d-x/cocos/editor-support",
					"$(SRCROOT)/cocos2d-x/cocos/scripting/js-bindings/manual",
					"$(SRCROOT)/cocos2d-x/external/chipmunk/include/chipmunk",
					"$(SRCROOT)/cocos2d-x/external/mac/include/v8",
					"$(SRCROOT)/cocos2d-x/extensions",
					"$(SRCROOT)/cocos2d-x/cocos/scripting/js-bindings/auto",
					"$(SRCROOT)/cocos2d-x/external",
					"$(SRCROOT)/cocos2d-x/external/sources",
				);
			};
			name = Debug;
		};
		C6EB70922C6E02C000997721 /* Release */ = {
			isa = XCBuildConfiguration;
			buildSettings = {
				ALWAYS_SEARCH_USER_PATHS = NO;
				ASSETCATALOG_COMPILER_GENERATE_SWIFT_ASSET_SYMBOL_EXTENSIONS = YES;
				CLANG_ANALYZER_NONNULL = YES;
				CLANG_ANALYZER_NUMBER_OBJECT_CONVERSION = YES_AGGRESSIVE;
				CLANG_CXX_LANGUAGE_STANDARD = "gnu++20";
				CLANG_ENABLE_MODULES = YES;
				CLANG_ENABLE_OBJC_ARC = YES;
				CLANG_ENABLE_OBJC_WEAK = YES;
				CLANG_WARN_BLOCK_CAPTURE_AUTORELEASING = YES;
				CLANG_WARN_BOOL_CONVERSION = YES;
				CLANG_WARN_COMMA = YES;
				CLANG_WARN_CONSTANT_CONVERSION = YES;
				CLANG_WARN_DEPRECATED_OBJC_IMPLEMENTATIONS = YES;
				CLANG_WARN_DIRECT_OBJC_ISA_USAGE = YES_ERROR;
				CLANG_WARN_DOCUMENTATION_COMMENTS = YES;
				CLANG_WARN_EMPTY_BODY = YES;
				CLANG_WARN_ENUM_CONVERSION = YES;
				CLANG_WARN_INFINITE_RECURSION = YES;
				CLANG_WARN_INT_CONVERSION = YES;
				CLANG_WARN_NON_LITERAL_NULL_CONVERSION = YES;
				CLANG_WARN_OBJC_IMPLICIT_RETAIN_SELF = YES;
				CLANG_WARN_OBJC_LITERAL_CONVERSION = YES;
				CLANG_WARN_OBJC_ROOT_CLASS = YES_ERROR;
				CLANG_WARN_QUOTED_INCLUDE_IN_FRAMEWORK_HEADER = YES;
				CLANG_WARN_RANGE_LOOP_ANALYSIS = YES;
				CLANG_WARN_STRICT_PROTOTYPES = YES;
				CLANG_WARN_SUSPICIOUS_MOVE = YES;
				CLANG_WARN_UNGUARDED_AVAILABILITY = YES_AGGRESSIVE;
				CLANG_WARN_UNREACHABLE_CODE = YES;
				CLANG_WARN__DUPLICATE_METHOD_MATCH = YES;
				COPY_PHASE_STRIP = NO;
				DEBUG_INFORMATION_FORMAT = "dwarf-with-dsym";
				ENABLE_NS_ASSERTIONS = NO;
				ENABLE_STRICT_OBJC_MSGSEND = YES;
				ENABLE_USER_SCRIPT_SANDBOXING = YES;
				GCC_C_LANGUAGE_STANDARD = gnu17;
				GCC_NO_COMMON_BLOCKS = YES;
				GCC_WARN_64_TO_32_BIT_CONVERSION = YES;
				GCC_WARN_ABOUT_RETURN_TYPE = YES_ERROR;
				GCC_WARN_UNDECLARED_SELECTOR = YES;
				GCC_WARN_UNINITIALIZED_AUTOS = YES_AGGRESSIVE;
				GCC_WARN_UNUSED_FUNCTION = YES;
				GCC_WARN_UNUSED_VARIABLE = YES;
				IPHONEOS_DEPLOYMENT_TARGET = 17.2;
				LOCALIZATION_PREFERS_STRING_CATALOGS = YES;
				MTL_ENABLE_DEBUG_INFO = NO;
				MTL_FAST_MATH = YES;
				SDKROOT = iphoneos;
				USER_HEADER_SEARCH_PATHS = (
					"$(SRCROOT)/cocos2d-x",
					"$(SRCROOT)/cocos2d-x/cocos",
					"$(SRCROOT)/cocos2d-x/cocos/base",
					"$(SRCROOT)/cocos2d-x/cocos/physics",
					"$(SRCROOT)/cocos2d-x/cocos/math/kazmath",
					"$(SRCROOT)/cocos2d-x/cocos/2d",
					"$(SRCROOT)/cocos2d-x/cocos/gui",
					"$(SRCROOT)/cocos2d-x/cocos/network",
					"$(SRCROOT)/cocos2d-x/cocos/audio/include",
					"$(SRCROOT)/cocos2d-x/cocos/editor-support",
					"$(SRCROOT)/cocos2d-x/cocos/scripting/js-bindings/manual",
					"$(SRCROOT)/cocos2d-x/external/chipmunk/include/chipmunk",
					"$(SRCROOT)/cocos2d-x/external/mac/include/v8",
					"$(SRCROOT)/cocos2d-x/extensions",
					"$(SRCROOT)/cocos2d-x/cocos/scripting/js-bindings/auto",
					"$(SRCROOT)/cocos2d-x/external",
					"$(SRCROOT)/cocos2d-x/external/sources",
				);
				VALIDATE_PRODUCT = YES;
			};
			name = Release;
		};
		C6EB70942C6E02C000997721 /* Debug */ = {
			isa = XCBuildConfiguration;
			baseConfigurationReference = 67EC8E647F1877B1EB7CA969 /* Pods-YoSlotsNo.debug.xcconfig */;
			buildSettings = {
				ALWAYS_SEARCH_USER_PATHS = YES;
				ASSETCATALOG_COMPILER_APPICON_NAME = AppIcon;
				ASSETCATALOG_COMPILER_GLOBAL_ACCENT_COLOR_NAME = AccentColor;
				CLANG_CXX_LANGUAGE_STANDARD = "c++0x";
				CLANG_ENABLE_MODULES = YES;
				CODE_SIGN_STYLE = Manual;
				CURRENT_PROJECT_VERSION = 1;
				DEVELOPMENT_TEAM = "";
				ENABLE_USER_SCRIPT_SANDBOXING = NO;
				"EXCLUDED_ARCHS[sdk=iphonesimulator*]" = arm64;
				GCC_C_LANGUAGE_STANDARD = c99;
				GCC_INPUT_FILETYPE = sourcecode.cpp.objcpp;
				GENERATE_INFOPLIST_FILE = YES;
				INFOPLIST_FILE = YoSlotsNo/Info.plist;
				INFOPLIST_KEY_CFBundleDisplayName = YoSlotsNo;
				INFOPLIST_KEY_NSUserTrackingUsageDescription = "Obtain and analyze device information to provide users with a more unique gaming experience";
				INFOPLIST_KEY_UIApplicationSupportsIndirectInputEvents = YES;
				INFOPLIST_KEY_UILaunchStoryboardName = LaunchScreen.storyboard;
				INFOPLIST_KEY_UIMainStoryboardFile = Main;
				INFOPLIST_KEY_UISupportedInterfaceOrientations = "UIInterfaceOrientationLandscapeLeft UIInterfaceOrientationLandscapeRight UIInterfaceOrientationPortrait";
				INFOPLIST_KEY_UISupportedInterfaceOrientations_iPad = "UIInterfaceOrientationLandscapeLeft UIInterfaceOrientationLandscapeRight";
				IPHONEOS_DEPLOYMENT_TARGET = 14.0;
				LD_RUNPATH_SEARCH_PATHS = (
					"$(inherited)",
					"@executable_path/Frameworks",
				);
				MARKETING_VERSION = 1.0;
				PRODUCT_BUNDLE_IDENTIFIER = com.REALTY.JackpotSlotJubilee;
				PRODUCT_NAME = "$(TARGET_NAME)";
				PROVISIONING_PROFILE_SPECIFIER = "";
				SUPPORTED_PLATFORMS = "iphoneos iphonesimulator";
				SUPPORTS_MACCATALYST = NO;
				SWIFT_EMIT_LOC_STRINGS = YES;
				SWIFT_OBJC_BRIDGING_HEADER = "YoSlotsNo/YoSlotsNo-Bridging-Header.h";
				SWIFT_OPTIMIZATION_LEVEL = "-Onone";
				SWIFT_VERSION = 5.0;
				TARGETED_DEVICE_FAMILY = 1;
				USER_HEADER_SEARCH_PATHS = (
					"$(inherited)",
					"$(SRCROOT)/cocos2d-x/cocos/platform/ios",
					"$(SRCROOT)/cocos2d-x/plugin/jsbindings/auto",
					"$(SRCROOT)/cocos2d-x/plugin/jsbindings/manual",
					"$(SRCROOT)/cocos2d-x/external/ios/include",
					"$(SRCROOT)/cocos2d-x/external/ios/include/spidermonkey",
				);
			};
			name = Debug;
		};
		C6EB70952C6E02C000997721 /* Release */ = {
			isa = XCBuildConfiguration;
			baseConfigurationReference = E37EB7D4241681B516D62F28 /* Pods-YoSlotsNo.release.xcconfig */;
			buildSettings = {
				ALWAYS_SEARCH_USER_PATHS = YES;
				ASSETCATALOG_COMPILER_APPICON_NAME = AppIcon;
				ASSETCATALOG_COMPILER_GLOBAL_ACCENT_COLOR_NAME = AccentColor;
				CLANG_CXX_LANGUAGE_STANDARD = "c++0x";
				CLANG_ENABLE_MODULES = YES;
				CODE_SIGN_STYLE = Manual;
				CURRENT_PROJECT_VERSION = 1;
				DEVELOPMENT_TEAM = "";
				ENABLE_USER_SCRIPT_SANDBOXING = NO;
				GCC_C_LANGUAGE_STANDARD = c99;
				GCC_INPUT_FILETYPE = sourcecode.cpp.objcpp;
				GENERATE_INFOPLIST_FILE = YES;
				INFOPLIST_FILE = YoSlotsNo/Info.plist;
				INFOPLIST_KEY_CFBundleDisplayName = YoSlotsNo;
				INFOPLIST_KEY_NSUserTrackingUsageDescription = "Obtain and analyze device information to provide users with a more unique gaming experience";
				INFOPLIST_KEY_UIApplicationSupportsIndirectInputEvents = YES;
				INFOPLIST_KEY_UILaunchStoryboardName = LaunchScreen.storyboard;
				INFOPLIST_KEY_UIMainStoryboardFile = Main;
				INFOPLIST_KEY_UISupportedInterfaceOrientations = "UIInterfaceOrientationLandscapeLeft UIInterfaceOrientationLandscapeRight UIInterfaceOrientationPortrait";
				INFOPLIST_KEY_UISupportedInterfaceOrientations_iPad = "UIInterfaceOrientationLandscapeLeft UIInterfaceOrientationLandscapeRight";
				IPHONEOS_DEPLOYMENT_TARGET = 14.0;
				LD_RUNPATH_SEARCH_PATHS = (
					"$(inherited)",
					"@executable_path/Frameworks",
				);
				MARKETING_VERSION = 1.0;
				PRODUCT_BUNDLE_IDENTIFIER = com.REALTY.JackpotSlotJubilee;
				PRODUCT_NAME = "$(TARGET_NAME)";
				PROVISIONING_PROFILE_SPECIFIER = "";
				SUPPORTED_PLATFORMS = "iphoneos iphonesimulator";
				SUPPORTS_MACCATALYST = NO;
				SWIFT_EMIT_LOC_STRINGS = YES;
				SWIFT_OBJC_BRIDGING_HEADER = "YoSlotsNo/YoSlotsNo-Bridging-Header.h";
				SWIFT_VERSION = 5.0;
				TARGETED_DEVICE_FAMILY = 1;
				USER_HEADER_SEARCH_PATHS = (
					"$(inherited)",
					"$(SRCROOT)/cocos2d-x/cocos/platform/ios",
					"$(SRCROOT)/cocos2d-x/plugin/jsbindings/auto",
					"$(SRCROOT)/cocos2d-x/plugin/jsbindings/manual",
					"$(SRCROOT)/cocos2d-x/external/ios/include",
					"$(SRCROOT)/cocos2d-x/external/ios/include/spidermonkey",
				);
			};
			name = Release;
		};
		C6EB70972C6E02C000997721 /* Debug */ = {
			isa = XCBuildConfiguration;
			buildSettings = {
				ALWAYS_EMBED_SWIFT_STANDARD_LIBRARIES = YES;
				BUNDLE_LOADER = "$(TEST_HOST)";
				CODE_SIGN_STYLE = Automatic;
				CURRENT_PROJECT_VERSION = 1;
				GENERATE_INFOPLIST_FILE = YES;
				IPHONEOS_DEPLOYMENT_TARGET = 17.2;
				MARKETING_VERSION = 1.0;
				PRODUCT_BUNDLE_IDENTIFIER = com.REALTY.JackpotSlotJubile.YoSlotsNoTests;
				PRODUCT_NAME = "$(TARGET_NAME)";
				SWIFT_EMIT_LOC_STRINGS = NO;
				TARGETED_DEVICE_FAMILY = "1,2";
				TEST_HOST = "$(BUILT_PRODUCTS_DIR)/YoSlotsNo.app/$(BUNDLE_EXECUTABLE_FOLDER_PATH)/YoSlotsNo";
			};
			name = Debug;
		};
		C6EB70982C6E02C000997721 /* Release */ = {
			isa = XCBuildConfiguration;
			buildSettings = {
				ALWAYS_EMBED_SWIFT_STANDARD_LIBRARIES = YES;
				BUNDLE_LOADER = "$(TEST_HOST)";
				CODE_SIGN_STYLE = Automatic;
				CURRENT_PROJECT_VERSION = 1;
				GENERATE_INFOPLIST_FILE = YES;
				IPHONEOS_DEPLOYMENT_TARGET = 17.2;
				MARKETING_VERSION = 1.0;
				PRODUCT_BUNDLE_IDENTIFIER = com.REALTY.JackpotSlotJubile.YoSlotsNoTests;
				PRODUCT_NAME = "$(TARGET_NAME)";
				SWIFT_EMIT_LOC_STRINGS = NO;
				TARGETED_DEVICE_FAMILY = "1,2";
				TEST_HOST = "$(BUILT_PRODUCTS_DIR)/YoSlotsNo.app/$(BUNDLE_EXECUTABLE_FOLDER_PATH)/YoSlotsNo";
			};
			name = Release;
		};
		C6EB709A2C6E02C000997721 /* Debug */ = {
			isa = XCBuildConfiguration;
			buildSettings = {
				ALWAYS_EMBED_SWIFT_STANDARD_LIBRARIES = YES;
				CODE_SIGN_STYLE = Automatic;
				CURRENT_PROJECT_VERSION = 1;
				GENERATE_INFOPLIST_FILE = YES;
				MARKETING_VERSION = 1.0;
				PRODUCT_BUNDLE_IDENTIFIER = com.REALTY.JackpotSlotJubile.YoSlotsNoUITests;
				PRODUCT_NAME = "$(TARGET_NAME)";
				SWIFT_EMIT_LOC_STRINGS = NO;
				TARGETED_DEVICE_FAMILY = "1,2";
				TEST_TARGET_NAME = YoSlotsNo;
			};
			name = Debug;
		};
		C6EB709B2C6E02C000997721 /* Release */ = {
			isa = XCBuildConfiguration;
			buildSettings = {
				ALWAYS_EMBED_SWIFT_STANDARD_LIBRARIES = YES;
				CODE_SIGN_STYLE = Automatic;
				CURRENT_PROJECT_VERSION = 1;
				GENERATE_INFOPLIST_FILE = YES;
				MARKETING_VERSION = 1.0;
				PRODUCT_BUNDLE_IDENTIFIER = com.REALTY.JackpotSlotJubile.YoSlotsNoUITests;
				PRODUCT_NAME = "$(TARGET_NAME)";
				SWIFT_EMIT_LOC_STRINGS = NO;
				TARGETED_DEVICE_FAMILY = "1,2";
				TEST_TARGET_NAME = YoSlotsNo;
			};
			name = Release;
		};
/* End XCBuildConfiguration section */

/* Begin XCConfigurationList section */
		C6EB705F2C6E02BD00997721 /* Build configuration list for PBXProject "YoSlotsNo" */ = {
			isa = XCConfigurationList;
			buildConfigurations = (
				C6EB70912C6E02C000997721 /* Debug */,
				C6EB70922C6E02C000997721 /* Release */,
			);
			defaultConfigurationIsVisible = 0;
			defaultConfigurationName = Release;
		};
		C6EB70932C6E02C000997721 /* Build configuration list for PBXNativeTarget "YoSlotsNo" */ = {
			isa = XCConfigurationList;
			buildConfigurations = (
				C6EB70942C6E02C000997721 /* Debug */,
				C6EB70952C6E02C000997721 /* Release */,
			);
			defaultConfigurationIsVisible = 0;
			defaultConfigurationName = Release;
		};
		C6EB70962C6E02C000997721 /* Build configuration list for PBXNativeTarget "YoSlotsNoTests" */ = {
			isa = XCConfigurationList;
			buildConfigurations = (
				C6EB70972C6E02C000997721 /* Debug */,
				C6EB70982C6E02C000997721 /* Release */,
			);
			defaultConfigurationIsVisible = 0;
			defaultConfigurationName = Release;
		};
		C6EB70992C6E02C000997721 /* Build configuration list for PBXNativeTarget "YoSlotsNoUITests" */ = {
			isa = XCConfigurationList;
			buildConfigurations = (
				C6EB709A2C6E02C000997721 /* Debug */,
				C6EB709B2C6E02C000997721 /* Release */,
			);
			defaultConfigurationIsVisible = 0;
			defaultConfigurationName = Release;
		};
/* End XCConfigurationList section */
	};
	rootObject = C6EB705C2C6E02BD00997721 /* Project object */;
}
